
Microsoft Visual Studio Solution File, Format Version 12.00
# Visual Studio Version 17
VisualStudioVersion = 17.5.33516.290
MinimumVisualStudioVersion = 10.0.40219.1
Project("{8BC9CEB8-8B4A-11D0-8D11-00A0C91BC942}") = "8-2-2", "8-2-2\8-2-2.vcxproj", "{26AEE15E-F790-4457-B1FA-BD335D98DBB3}"
EndProject
Project("{8BC9CEB8-8B4A-11D0-8D11-00A0C91BC942}") = "8-2-3", "8-2-3\8-2-3.vcxproj", "{B5DA6AFD-4AB7-4308-AFEA-2E6EBA1B1155}"
EndProject
Project("{8BC9CEB8-8B4A-11D0-8D11-00A0C91BC942}") = "8-2-4", "8-2-4\8-2-4.vcxproj", "{E761005E-280D-45EE-A868-1B34203ACF87}"
EndProject
Project("{8BC9CEB8-8B4A-11D0-8D11-00A0C91BC942}") = "8-2-5", "8-2-5\8-2-5.vcxproj", "{84A3350D-F236-4BDB-BCE5-4939A866DC2F}"
EndProject
Project("{8BC9CEB8-8B4A-11D0-8D11-00A0C91BC942}") = "8-2-8", "8-2-8\8-2-8.vcxproj", "{75E24AA8-3445-41F9-9999-102774CB76DC}"
EndProject
Project("{8BC9CEB8-8B4A-11D0-8D11-00A0C91BC942}") = "8-3-1-1", "8-3-1-1\8-3-1-1.vcxproj", "{5B824F3F-0EAF-461B-AC66-0B899C5EB6BA}"
EndProject
Project("{8BC9CEB8-8B4A-11D0-8D11-00A0C91BC942}") = "8-3-1-2", "8-3-1-2\8-3-1-2.vcxproj", "{50573F38-C37B-4AE7-B0F7-83A716BB096A}"
EndProject
Project("{8BC9CEB8-8B4A-11D0-8D11-00A0C91BC942}") = "8-3-2", "8-3-2\8-3-2.vcxproj", "{6A5618E1-EF51-4E33-97B5-78BA5C72436D}"
EndProject
Project("{8BC9CEB8-8B4A-11D0-8D11-00A0C91BC942}") = "8-4-1", "8-4-1\8-4-1.vcxproj", "{D74CEB71-4740-45D4-8F0C-C00F2A0E87D1}"
EndProject
Project("{8BC9CEB8-8B4A-11D0-8D11-00A0C91BC942}") = "8-4-2", "8-4-2\8-4-2.vcxproj", "{ADF00302-7D13-41EE-82E2-8DF8E49022FE}"
EndProject
Project("{8BC9CEB8-8B4A-11D0-8D11-00A0C91BC942}") = "8-4-3", "8-4-3\8-4-3.vcxproj", "{56C0309E-CEF8-4477-9736-589454A273EA}"
EndProject
Project("{8BC9CEB8-8B4A-11D0-8D11-00A0C91BC942}") = "8-4-4-1", "8-4-4-1\8-4-4-1.vcxproj", "{D8E05B08-AB55-4304-9045-567FD1B58BCF}"
EndProject
Project("{8BC9CEB8-8B4A-11D0-8D11-00A0C91BC942}") = "8-4-4-2", "8-4-4-2\8-4-4-2.vcxproj", "{24B65556-8B6E-4B4A-AB06-800C31C7C267}"
EndProject
Project("{8BC9CEB8-8B4A-11D0-8D11-00A0C91BC942}") = "8-4-4-3", "8-4-4-3\8-4-4-3.vcxproj", "{2D317DCA-9E3C-44A2-BE90-135EC2A0F9A8}"
EndProject
Project("{8BC9CEB8-8B4A-11D0-8D11-00A0C91BC942}") = "8-4-6", "8-4-6\8-4-6.vcxproj", "{9FC9B4CD-0059-461C-83AE-6FA603525427}"
EndProject
Project("{8BC9CEB8-8B4A-11D0-8D11-00A0C91BC942}") = "8-4-8", "8-4-8\8-4-8.vcxproj", "{EF1FFB1B-B0A0-4DF7-8773-8CCFB0505971}"
EndProject
Project("{8BC9CEB8-8B4A-11D0-8D11-00A0C91BC942}") = "8-5-2", "8-5-2\8-5-2.vcxproj", "{EA7962DA-41B2-4B92-AEE7-29B2D6FA47B6}"
EndProject
Project("{8BC9CEB8-8B4A-11D0-8D11-00A0C91BC942}") = "8-5-3-1", "8-5-3-1\8-5-3-1.vcxproj", "{6D424603-9777-4075-82D6-20722A6A95D3}"
EndProject
Project("{8BC9CEB8-8B4A-11D0-8D11-00A0C91BC942}") = "8-5-3-2", "8-5-3-2\8-5-3-2.vcxproj", "{3CFB4A26-0A2F-4BC8-8DB3-5890B15C6CDB}"
EndProject
Project("{8BC9CEB8-8B4A-11D0-8D11-00A0C91BC942}") = "8-5-5", "8-5-5\8-5-5.vcxproj", "{FE00A7D4-2653-4FBA-85ED-7E93F451742C}"
EndProject
Global
	GlobalSection(SolutionConfigurationPlatforms) = preSolution
		Debug|x64 = Debug|x64
		Debug|x86 = Debug|x86
		Release|x64 = Release|x64
		Release|x86 = Release|x86
	EndGlobalSection
	GlobalSection(ProjectConfigurationPlatforms) = postSolution
		{26AEE15E-F790-4457-B1FA-BD335D98DBB3}.Debug|x64.ActiveCfg = Debug|x64
		{26AEE15E-F790-4457-B1FA-BD335D98DBB3}.Debug|x64.Build.0 = Debug|x64
		{26AEE15E-F790-4457-B1FA-BD335D98DBB3}.Debug|x86.ActiveCfg = Debug|Win32
		{26AEE15E-F790-4457-B1FA-BD335D98DBB3}.Debug|x86.Build.0 = Debug|Win32
		{26AEE15E-F790-4457-B1FA-BD335D98DBB3}.Release|x64.ActiveCfg = Release|x64
		{26AEE15E-F790-4457-B1FA-BD335D98DBB3}.Release|x64.Build.0 = Release|x64
		{26AEE15E-F790-4457-B1FA-BD335D98DBB3}.Release|x86.ActiveCfg = Release|Win32
		{26AEE15E-F790-4457-B1FA-BD335D98DBB3}.Release|x86.Build.0 = Release|Win32
		{B5DA6AFD-4AB7-4308-AFEA-2E6EBA1B1155}.Debug|x64.ActiveCfg = Debug|x64
		{B5DA6AFD-4AB7-4308-AFEA-2E6EBA1B1155}.Debug|x64.Build.0 = Debug|x64
		{B5DA6AFD-4AB7-4308-AFEA-2E6EBA1B1155}.Debug|x86.ActiveCfg = Debug|Win32
		{B5DA6AFD-4AB7-4308-AFEA-2E6EBA1B1155}.Debug|x86.Build.0 = Debug|Win32
		{B5DA6AFD-4AB7-4308-AFEA-2E6EBA1B1155}.Release|x64.ActiveCfg = Release|x64
		{B5DA6AFD-4AB7-4308-AFEA-2E6EBA1B1155}.Release|x64.Build.0 = Release|x64
		{B5DA6AFD-4AB7-4308-AFEA-2E6EBA1B1155}.Release|x86.ActiveCfg = Release|Win32
		{B5DA6AFD-4AB7-4308-AFEA-2E6EBA1B1155}.Release|x86.Build.0 = Release|Win32
		{E761005E-280D-45EE-A868-1B34203ACF87}.Debug|x64.ActiveCfg = Debug|x64
		{E761005E-280D-45EE-A868-1B34203ACF87}.Debug|x64.Build.0 = Debug|x64
		{E761005E-280D-45EE-A868-1B34203ACF87}.Debug|x86.ActiveCfg = Debug|Win32
		{E761005E-280D-45EE-A868-1B34203ACF87}.Debug|x86.Build.0 = Debug|Win32
		{E761005E-280D-45EE-A868-1B34203ACF87}.Release|x64.ActiveCfg = Release|x64
		{E761005E-280D-45EE-A868-1B34203ACF87}.Release|x64.Build.0 = Release|x64
		{E761005E-280D-45EE-A868-1B34203ACF87}.Release|x86.ActiveCfg = Release|Win32
		{E761005E-280D-45EE-A868-1B34203ACF87}.Release|x86.Build.0 = Release|Win32
		{84A3350D-F236-4BDB-BCE5-4939A866DC2F}.Debug|x64.ActiveCfg = Debug|x64
		{84A3350D-F236-4BDB-BCE5-4939A866DC2F}.Debug|x64.Build.0 = Debug|x64
		{84A3350D-F236-4BDB-BCE5-4939A866DC2F}.Debug|x86.ActiveCfg = Debug|Win32
		{84A3350D-F236-4BDB-BCE5-4939A866DC2F}.Debug|x86.Build.0 = Debug|Win32
		{84A3350D-F236-4BDB-BCE5-4939A866DC2F}.Release|x64.ActiveCfg = Release|x64
		{84A3350D-F236-4BDB-BCE5-4939A866DC2F}.Release|x64.Build.0 = Release|x64
		{84A3350D-F236-4BDB-BCE5-4939A866DC2F}.Release|x86.ActiveCfg = Release|Win32
		{84A3350D-F236-4BDB-BCE5-4939A866DC2F}.Release|x86.Build.0 = Release|Win32
		{75E24AA8-3445-41F9-9999-102774CB76DC}.Debug|x64.ActiveCfg = Debug|x64
		{75E24AA8-3445-41F9-9999-102774CB76DC}.Debug|x64.Build.0 = Debug|x64
		{75E24AA8-3445-41F9-9999-102774CB76DC}.Debug|x86.ActiveCfg = Debug|Win32
		{75E24AA8-3445-41F9-9999-102774CB76DC}.Debug|x86.Build.0 = Debug|Win32
		{75E24AA8-3445-41F9-9999-102774CB76DC}.Release|x64.ActiveCfg = Release|x64
		{75E24AA8-3445-41F9-9999-102774CB76DC}.Release|x64.Build.0 = Release|x64
		{75E24AA8-3445-41F9-9999-102774CB76DC}.Release|x86.ActiveCfg = Release|Win32
		{75E24AA8-3445-41F9-9999-102774CB76DC}.Release|x86.Build.0 = Release|Win32
		{5B824F3F-0EAF-461B-AC66-0B899C5EB6BA}.Debug|x64.ActiveCfg = Debug|x64
		{5B824F3F-0EAF-461B-AC66-0B899C5EB6BA}.Debug|x64.Build.0 = Debug|x64
		{5B824F3F-0EAF-461B-AC66-0B899C5EB6BA}.Debug|x86.ActiveCfg = Debug|Win32
		{5B824F3F-0EAF-461B-AC66-0B899C5EB6BA}.Debug|x86.Build.0 = Debug|Win32
		{5B824F3F-0EAF-461B-AC66-0B899C5EB6BA}.Release|x64.ActiveCfg = Release|x64
		{5B824F3F-0EAF-461B-AC66-0B899C5EB6BA}.Release|x64.Build.0 = Release|x64
		{5B824F3F-0EAF-461B-AC66-0B899C5EB6BA}.Release|x86.ActiveCfg = Release|Win32
		{5B824F3F-0EAF-461B-AC66-0B899C5EB6BA}.Release|x86.Build.0 = Release|Win32
		{50573F38-C37B-4AE7-B0F7-83A716BB096A}.Debug|x64.ActiveCfg = Debug|x64
		{50573F38-C37B-4AE7-B0F7-83A716BB096A}.Debug|x64.Build.0 = Debug|x64
		{50573F38-C37B-4AE7-B0F7-83A716BB096A}.Debug|x86.ActiveCfg = Debug|Win32
		{50573F38-C37B-4AE7-B0F7-83A716BB096A}.Debug|x86.Build.0 = Debug|Win32
		{50573F38-C37B-4AE7-B0F7-83A716BB096A}.Release|x64.ActiveCfg = Release|x64
		{50573F38-C37B-4AE7-B0F7-83A716BB096A}.Release|x64.Build.0 = Release|x64
		{50573F38-C37B-4AE7-B0F7-83A716BB096A}.Release|x86.ActiveCfg = Release|Win32
		{50573F38-C37B-4AE7-B0F7-83A716BB096A}.Release|x86.Build.0 = Release|Win32
		{6A5618E1-EF51-4E33-97B5-78BA5C72436D}.Debug|x64.ActiveCfg = Debug|x64
		{6A5618E1-EF51-4E33-97B5-78BA5C72436D}.Debug|x64.Build.0 = Debug|x64
		{6A5618E1-EF51-4E33-97B5-78BA5C72436D}.Debug|x86.ActiveCfg = Debug|Win32
		{6A5618E1-EF51-4E33-97B5-78BA5C72436D}.Debug|x86.Build.0 = Debug|Win32
		{6A5618E1-EF51-4E33-97B5-78BA5C72436D}.Release|x64.ActiveCfg = Release|x64
		{6A5618E1-EF51-4E33-97B5-78BA5C72436D}.Release|x64.Build.0 = Release|x64
		{6A5618E1-EF51-4E33-97B5-78BA5C72436D}.Release|x86.ActiveCfg = Release|Win32
		{6A5618E1-EF51-4E33-97B5-78BA5C72436D}.Release|x86.Build.0 = Release|Win32
		{D74CEB71-4740-45D4-8F0C-C00F2A0E87D1}.Debug|x64.ActiveCfg = Debug|x64
		{D74CEB71-4740-45D4-8F0C-C00F2A0E87D1}.Debug|x64.Build.0 = Debug|x64
		{D74CEB71-4740-45D4-8F0C-C00F2A0E87D1}.Debug|x86.ActiveCfg = Debug|Win32
		{D74CEB71-4740-45D4-8F0C-C00F2A0E87D1}.Debug|x86.Build.0 = Debug|Win32
		{D74CEB71-4740-45D4-8F0C-C00F2A0E87D1}.Release|x64.ActiveCfg = Release|x64
		{D74CEB71-4740-45D4-8F0C-C00F2A0E87D1}.Release|x64.Build.0 = Release|x64
		{D74CEB71-4740-45D4-8F0C-C00F2A0E87D1}.Release|x86.ActiveCfg = Release|Win32
		{D74CEB71-4740-45D4-8F0C-C00F2A0E87D1}.Release|x86.Build.0 = Release|Win32
		{ADF00302-7D13-41EE-82E2-8DF8E49022FE}.Debug|x64.ActiveCfg = Debug|x64
		{ADF00302-7D13-41EE-82E2-8DF8E49022FE}.Debug|x64.Build.0 = Debug|x64
		{ADF00302-7D13-41EE-82E2-8DF8E49022FE}.Debug|x86.ActiveCfg = Debug|Win32
		{ADF00302-7D13-41EE-82E2-8DF8E49022FE}.Debug|x86.Build.0 = Debug|Win32
		{ADF00302-7D13-41EE-82E2-8DF8E49022FE}.Release|x64.ActiveCfg = Release|x64
		{ADF00302-7D13-41EE-82E2-8DF8E49022FE}.Release|x64.Build.0 = Release|x64
		{ADF00302-7D13-41EE-82E2-8DF8E49022FE}.Release|x86.ActiveCfg = Release|Win32
		{ADF00302-7D13-41EE-82E2-8DF8E49022FE}.Release|x86.Build.0 = Release|Win32
		{56C0309E-CEF8-4477-9736-589454A273EA}.Debug|x64.ActiveCfg = Debug|x64
		{56C0309E-CEF8-4477-9736-589454A273EA}.Debug|x64.Build.0 = Debug|x64
		{56C0309E-CEF8-4477-9736-589454A273EA}.Debug|x86.ActiveCfg = Debug|Win32
		{56C0309E-CEF8-4477-9736-589454A273EA}.Debug|x86.Build.0 = Debug|Win32
		{56C0309E-CEF8-4477-9736-589454A273EA}.Release|x64.ActiveCfg = Release|x64
		{56C0309E-CEF8-4477-9736-589454A273EA}.Release|x64.Build.0 = Release|x64
		{56C0309E-CEF8-4477-9736-589454A273EA}.Release|x86.ActiveCfg = Release|Win32
		{56C0309E-CEF8-4477-9736-589454A273EA}.Release|x86.Build.0 = Release|Win32
		{D8E05B08-AB55-4304-9045-567FD1B58BCF}.Debug|x64.ActiveCfg = Debug|x64
		{D8E05B08-AB55-4304-9045-567FD1B58BCF}.Debug|x64.Build.0 = Debug|x64
		{D8E05B08-AB55-4304-9045-567FD1B58BCF}.Debug|x86.ActiveCfg = Debug|Win32
		{D8E05B08-AB55-4304-9045-567FD1B58BCF}.Debug|x86.Build.0 = Debug|Win32
		{D8E05B08-AB55-4304-9045-567FD1B58BCF}.Release|x64.ActiveCfg = Release|x64
		{D8E05B08-AB55-4304-9045-567FD1B58BCF}.Release|x64.Build.0 = Release|x64
		{D8E05B08-AB55-4304-9045-567FD1B58BCF}.Release|x86.ActiveCfg = Release|Win32
		{D8E05B08-AB55-4304-9045-567FD1B58BCF}.Release|x86.Build.0 = Release|Win32
		{24B65556-8B6E-4B4A-AB06-800C31C7C267}.Debug|x64.ActiveCfg = Debug|x64
		{24B65556-8B6E-4B4A-AB06-800C31C7C267}.Debug|x64.Build.0 = Debug|x64
		{24B65556-8B6E-4B4A-AB06-800C31C7C267}.Debug|x86.ActiveCfg = Debug|Win32
		{24B65556-8B6E-4B4A-AB06-800C31C7C267}.Debug|x86.Build.0 = Debug|Win32
		{24B65556-8B6E-4B4A-AB06-800C31C7C267}.Release|x64.ActiveCfg = Release|x64
		{24B65556-8B6E-4B4A-AB06-800C31C7C267}.Release|x64.Build.0 = Release|x64
		{24B65556-8B6E-4B4A-AB06-800C31C7C267}.Release|x86.ActiveCfg = Release|Win32
		{24B65556-8B6E-4B4A-AB06-800C31C7C267}.Release|x86.Build.0 = Release|Win32
		{2D317DCA-9E3C-44A2-BE90-135EC2A0F9A8}.Debug|x64.ActiveCfg = Debug|x64
		{2D317DCA-9E3C-44A2-BE90-135EC2A0F9A8}.Debug|x64.Build.0 = Debug|x64
		{2D317DCA-9E3C-44A2-BE90-135EC2A0F9A8}.Debug|x86.ActiveCfg = Debug|Win32
		{2D317DCA-9E3C-44A2-BE90-135EC2A0F9A8}.Debug|x86.Build.0 = Debug|Win32
		{2D317DCA-9E3C-44A2-BE90-135EC2A0F9A8}.Release|x64.ActiveCfg = Release|x64
		{2D317DCA-9E3C-44A2-BE90-135EC2A0F9A8}.Release|x64.Build.0 = Release|x64
		{2D317DCA-9E3C-44A2-BE90-135EC2A0F9A8}.Release|x86.ActiveCfg = Release|Win32
		{2D317DCA-9E3C-44A2-BE90-135EC2A0F9A8}.Release|x86.Build.0 = Release|Win32
		{9FC9B4CD-0059-461C-83AE-6FA603525427}.Debug|x64.ActiveCfg = Debug|x64
		{9FC9B4CD-0059-461C-83AE-6FA603525427}.Debug|x64.Build.0 = Debug|x64
		{9FC9B4CD-0059-461C-83AE-6FA603525427}.Debug|x86.ActiveCfg = Debug|Win32
		{9FC9B4CD-0059-461C-83AE-6FA603525427}.Debug|x86.Build.0 = Debug|Win32
		{9FC9B4CD-0059-461C-83AE-6FA603525427}.Release|x64.ActiveCfg = Release|x64
		{9FC9B4CD-0059-461C-83AE-6FA603525427}.Release|x64.Build.0 = Release|x64
		{9FC9B4CD-0059-461C-83AE-6FA603525427}.Release|x86.ActiveCfg = Release|Win32
		{9FC9B4CD-0059-461C-83AE-6FA603525427}.Release|x86.Build.0 = Release|Win32
		{EF1FFB1B-B0A0-4DF7-8773-8CCFB0505971}.Debug|x64.ActiveCfg = Debug|x64
		{EF1FFB1B-B0A0-4DF7-8773-8CCFB0505971}.Debug|x64.Build.0 = Debug|x64
		{EF1FFB1B-B0A0-4DF7-8773-8CCFB0505971}.Debug|x86.ActiveCfg = Debug|Win32
		{EF1FFB1B-B0A0-4DF7-8773-8CCFB0505971}.Debug|x86.Build.0 = Debug|Win32
		{EF1FFB1B-B0A0-4DF7-8773-8CCFB0505971}.Release|x64.ActiveCfg = Release|x64
		{EF1FFB1B-B0A0-4DF7-8773-8CCFB0505971}.Release|x64.Build.0 = Release|x64
		{EF1FFB1B-B0A0-4DF7-8773-8CCFB0505971}.Release|x86.ActiveCfg = Release|Win32
		{EF1FFB1B-B0A0-4DF7-8773-8CCFB0505971}.Release|x86.Build.0 = Release|Win32
		{EA7962DA-41B2-4B92-AEE7-29B2D6FA47B6}.Debug|x64.ActiveCfg = Debug|x64
		{EA7962DA-41B2-4B92-AEE7-29B2D6FA47B6}.Debug|x64.Build.0 = Debug|x64
		{EA7962DA-41B2-4B92-AEE7-29B2D6FA47B6}.Debug|x86.ActiveCfg = Debug|Win32
		{EA7962DA-41B2-4B92-AEE7-29B2D6FA47B6}.Debug|x86.Build.0 = Debug|Win32
		{EA7962DA-41B2-4B92-AEE7-29B2D6FA47B6}.Release|x64.ActiveCfg = Release|x64
		{EA7962DA-41B2-4B92-AEE7-29B2D6FA47B6}.Release|x64.Build.0 = Release|x64
		{EA7962DA-41B2-4B92-AEE7-29B2D6FA47B6}.Release|x86.ActiveCfg = Release|Win32
		{EA7962DA-41B2-4B92-AEE7-29B2D6FA47B6}.Release|x86.Build.0 = Release|Win32
		{6D424603-9777-4075-82D6-20722A6A95D3}.Debug|x64.ActiveCfg = Debug|x64
		{6D424603-9777-4075-82D6-20722A6A95D3}.Debug|x64.Build.0 = Debug|x64
		{6D424603-9777-4075-82D6-20722A6A95D3}.Debug|x86.ActiveCfg = Debug|Win32
		{6D424603-9777-4075-82D6-20722A6A95D3}.Debug|x86.Build.0 = Debug|Win32
		{6D424603-9777-4075-82D6-20722A6A95D3}.Release|x64.ActiveCfg = Release|x64
		{6D424603-9777-4075-82D6-20722A6A95D3}.Release|x64.Build.0 = Release|x64
		{6D424603-9777-4075-82D6-20722A6A95D3}.Release|x86.ActiveCfg = Release|Win32
		{6D424603-9777-4075-82D6-20722A6A95D3}.Release|x86.Build.0 = Release|Win32
		{3CFB4A26-0A2F-4BC8-8DB3-5890B15C6CDB}.Debug|x64.ActiveCfg = Debug|x64
		{3CFB4A26-0A2F-4BC8-8DB3-5890B15C6CDB}.Debug|x64.Build.0 = Debug|x64
		{3CFB4A26-0A2F-4BC8-8DB3-5890B15C6CDB}.Debug|x86.ActiveCfg = Debug|Win32
		{3CFB4A26-0A2F-4BC8-8DB3-5890B15C6CDB}.Debug|x86.Build.0 = Debug|Win32
		{3CFB4A26-0A2F-4BC8-8DB3-5890B15C6CDB}.Release|x64.ActiveCfg = Release|x64
		{3CFB4A26-0A2F-4BC8-8DB3-5890B15C6CDB}.Release|x64.Build.0 = Release|x64
		{3CFB4A26-0A2F-4BC8-8DB3-5890B15C6CDB}.Release|x86.ActiveCfg = Release|Win32
		{3CFB4A26-0A2F-4BC8-8DB3-5890B15C6CDB}.Release|x86.Build.0 = Release|Win32
		{FE00A7D4-2653-4FBA-85ED-7E93F451742C}.Debug|x64.ActiveCfg = Debug|x64
		{FE00A7D4-2653-4FBA-85ED-7E93F451742C}.Debug|x64.Build.0 = Debug|x64
		{FE00A7D4-2653-4FBA-85ED-7E93F451742C}.Debug|x86.ActiveCfg = Debug|Win32
		{FE00A7D4-2653-4FBA-85ED-7E93F451742C}.Debug|x86.Build.0 = Debug|Win32
		{FE00A7D4-2653-4FBA-85ED-7E93F451742C}.Release|x64.ActiveCfg = Release|x64
		{FE00A7D4-2653-4FBA-85ED-7E93F451742C}.Release|x64.Build.0 = Release|x64
		{FE00A7D4-2653-4FBA-85ED-7E93F451742C}.Release|x86.ActiveCfg = Release|Win32
		{FE00A7D4-2653-4FBA-85ED-7E93F451742C}.Release|x86.Build.0 = Release|Win32
	EndGlobalSection
	GlobalSection(SolutionProperties) = preSolution
		HideSolutionNode = FALSE
	EndGlobalSection
	GlobalSection(ExtensibilityGlobals) = postSolution
		SolutionGuid = {82F50B16-BF2E-44BE-B93C-F9CE7D91366B}
	EndGlobalSection
EndGlobal
