
Microsoft Visual Studio Solution File, Format Version 12.00
# Visual Studio Version 17
VisualStudioVersion = 17.5.33516.290
MinimumVisualStudioVersion = 10.0.40219.1
Project("{8BC9CEB8-8B4A-11D0-8D11-00A0C91BC942}") = "5-1-2-1", "5-1-2-1\5-1-2-1.vcxproj", "{8EC31FD6-1156-4564-A55D-108868CFF5DB}"
EndProject
Project("{8BC9CEB8-8B4A-11D0-8D11-00A0C91BC942}") = "5-1-2-2", "5-1-2-2\5-1-2-2.vcxproj", "{0C396451-B7C3-4A8F-A092-9341D796F603}"
EndProject
Project("{8BC9CEB8-8B4A-11D0-8D11-00A0C91BC942}") = "5-2-1", "5-2-1\5-2-1.vcxproj", "{41347D52-870A-46C1-87EC-F464CBCE13AF}"
EndProject
Project("{8BC9CEB8-8B4A-11D0-8D11-00A0C91BC942}") = "5-2-5", "5-2-5\5-2-5.vcxproj", "{BF328599-01D1-4C4A-AABD-1AAEF5A4CC9B}"
EndProject
Project("{8BC9CEB8-8B4A-11D0-8D11-00A0C91BC942}") = "5-2-6", "5-2-6\5-2-6.vcxproj", "{2C9665AE-5EEB-4B0D-B233-474DA5DEE628}"
EndProject
Project("{8BC9CEB8-8B4A-11D0-8D11-00A0C91BC942}") = "5-4-4-1", "5-4-4-1\5-4-4-1.vcxproj", "{68B892E4-9273-414E-9989-C939302BB259}"
EndProject
Project("{8BC9CEB8-8B4A-11D0-8D11-00A0C91BC942}") = "5-4-4-2", "5-4-4-2\5-4-4-2.vcxproj", "{414CE6B9-20F1-44D0-8E7B-2967A92FD8CC}"
EndProject
Project("{8BC9CEB8-8B4A-11D0-8D11-00A0C91BC942}") = "5-4-4-3", "5-4-4-3\5-4-4-3.vcxproj", "{4FFD9DC5-D312-452A-ABCC-42D4356BB5EB}"
EndProject
Project("{8BC9CEB8-8B4A-11D0-8D11-00A0C91BC942}") = "5-5-4", "5-5-4\5-5-4.vcxproj", "{116DA9A5-B427-48E1-AC0C-948DBEF84D47}"
EndProject
Global
	GlobalSection(SolutionConfigurationPlatforms) = preSolution
		Debug|x64 = Debug|x64
		Debug|x86 = Debug|x86
		Release|x64 = Release|x64
		Release|x86 = Release|x86
	EndGlobalSection
	GlobalSection(ProjectConfigurationPlatforms) = postSolution
		{8EC31FD6-1156-4564-A55D-108868CFF5DB}.Debug|x64.ActiveCfg = Debug|x64
		{8EC31FD6-1156-4564-A55D-108868CFF5DB}.Debug|x64.Build.0 = Debug|x64
		{8EC31FD6-1156-4564-A55D-108868CFF5DB}.Debug|x86.ActiveCfg = Debug|Win32
		{8EC31FD6-1156-4564-A55D-108868CFF5DB}.Debug|x86.Build.0 = Debug|Win32
		{8EC31FD6-1156-4564-A55D-108868CFF5DB}.Release|x64.ActiveCfg = Release|x64
		{8EC31FD6-1156-4564-A55D-108868CFF5DB}.Release|x64.Build.0 = Release|x64
		{8EC31FD6-1156-4564-A55D-108868CFF5DB}.Release|x86.ActiveCfg = Release|Win32
		{8EC31FD6-1156-4564-A55D-108868CFF5DB}.Release|x86.Build.0 = Release|Win32
		{0C396451-B7C3-4A8F-A092-9341D796F603}.Debug|x64.ActiveCfg = Debug|x64
		{0C396451-B7C3-4A8F-A092-9341D796F603}.Debug|x64.Build.0 = Debug|x64
		{0C396451-B7C3-4A8F-A092-9341D796F603}.Debug|x86.ActiveCfg = Debug|Win32
		{0C396451-B7C3-4A8F-A092-9341D796F603}.Debug|x86.Build.0 = Debug|Win32
		{0C396451-B7C3-4A8F-A092-9341D796F603}.Release|x64.ActiveCfg = Release|x64
		{0C396451-B7C3-4A8F-A092-9341D796F603}.Release|x64.Build.0 = Release|x64
		{0C396451-B7C3-4A8F-A092-9341D796F603}.Release|x86.ActiveCfg = Release|Win32
		{0C396451-B7C3-4A8F-A092-9341D796F603}.Release|x86.Build.0 = Release|Win32
		{41347D52-870A-46C1-87EC-F464CBCE13AF}.Debug|x64.ActiveCfg = Debug|x64
		{41347D52-870A-46C1-87EC-F464CBCE13AF}.Debug|x64.Build.0 = Debug|x64
		{41347D52-870A-46C1-87EC-F464CBCE13AF}.Debug|x86.ActiveCfg = Debug|Win32
		{41347D52-870A-46C1-87EC-F464CBCE13AF}.Debug|x86.Build.0 = Debug|Win32
		{41347D52-870A-46C1-87EC-F464CBCE13AF}.Release|x64.ActiveCfg = Release|x64
		{41347D52-870A-46C1-87EC-F464CBCE13AF}.Release|x64.Build.0 = Release|x64
		{41347D52-870A-46C1-87EC-F464CBCE13AF}.Release|x86.ActiveCfg = Release|Win32
		{41347D52-870A-46C1-87EC-F464CBCE13AF}.Release|x86.Build.0 = Release|Win32
		{BF328599-01D1-4C4A-AABD-1AAEF5A4CC9B}.Debug|x64.ActiveCfg = Debug|x64
		{BF328599-01D1-4C4A-AABD-1AAEF5A4CC9B}.Debug|x64.Build.0 = Debug|x64
		{BF328599-01D1-4C4A-AABD-1AAEF5A4CC9B}.Debug|x86.ActiveCfg = Debug|Win32
		{BF328599-01D1-4C4A-AABD-1AAEF5A4CC9B}.Debug|x86.Build.0 = Debug|Win32
		{BF328599-01D1-4C4A-AABD-1AAEF5A4CC9B}.Release|x64.ActiveCfg = Release|x64
		{BF328599-01D1-4C4A-AABD-1AAEF5A4CC9B}.Release|x64.Build.0 = Release|x64
		{BF328599-01D1-4C4A-AABD-1AAEF5A4CC9B}.Release|x86.ActiveCfg = Release|Win32
		{BF328599-01D1-4C4A-AABD-1AAEF5A4CC9B}.Release|x86.Build.0 = Release|Win32
		{2C9665AE-5EEB-4B0D-B233-474DA5DEE628}.Debug|x64.ActiveCfg = Debug|x64
		{2C9665AE-5EEB-4B0D-B233-474DA5DEE628}.Debug|x64.Build.0 = Debug|x64
		{2C9665AE-5EEB-4B0D-B233-474DA5DEE628}.Debug|x86.ActiveCfg = Debug|Win32
		{2C9665AE-5EEB-4B0D-B233-474DA5DEE628}.Debug|x86.Build.0 = Debug|Win32
		{2C9665AE-5EEB-4B0D-B233-474DA5DEE628}.Release|x64.ActiveCfg = Release|x64
		{2C9665AE-5EEB-4B0D-B233-474DA5DEE628}.Release|x64.Build.0 = Release|x64
		{2C9665AE-5EEB-4B0D-B233-474DA5DEE628}.Release|x86.ActiveCfg = Release|Win32
		{2C9665AE-5EEB-4B0D-B233-474DA5DEE628}.Release|x86.Build.0 = Release|Win32
		{68B892E4-9273-414E-9989-C939302BB259}.Debug|x64.ActiveCfg = Debug|x64
		{68B892E4-9273-414E-9989-C939302BB259}.Debug|x64.Build.0 = Debug|x64
		{68B892E4-9273-414E-9989-C939302BB259}.Debug|x86.ActiveCfg = Debug|Win32
		{68B892E4-9273-414E-9989-C939302BB259}.Debug|x86.Build.0 = Debug|Win32
		{68B892E4-9273-414E-9989-C939302BB259}.Release|x64.ActiveCfg = Release|x64
		{68B892E4-9273-414E-9989-C939302BB259}.Release|x64.Build.0 = Release|x64
		{68B892E4-9273-414E-9989-C939302BB259}.Release|x86.ActiveCfg = Release|Win32
		{68B892E4-9273-414E-9989-C939302BB259}.Release|x86.Build.0 = Release|Win32
		{414CE6B9-20F1-44D0-8E7B-2967A92FD8CC}.Debug|x64.ActiveCfg = Debug|x64
		{414CE6B9-20F1-44D0-8E7B-2967A92FD8CC}.Debug|x64.Build.0 = Debug|x64
		{414CE6B9-20F1-44D0-8E7B-2967A92FD8CC}.Debug|x86.ActiveCfg = Debug|Win32
		{414CE6B9-20F1-44D0-8E7B-2967A92FD8CC}.Debug|x86.Build.0 = Debug|Win32
		{414CE6B9-20F1-44D0-8E7B-2967A92FD8CC}.Release|x64.ActiveCfg = Release|x64
		{414CE6B9-20F1-44D0-8E7B-2967A92FD8CC}.Release|x64.Build.0 = Release|x64
		{414CE6B9-20F1-44D0-8E7B-2967A92FD8CC}.Release|x86.ActiveCfg = Release|Win32
		{414CE6B9-20F1-44D0-8E7B-2967A92FD8CC}.Release|x86.Build.0 = Release|Win32
		{4FFD9DC5-D312-452A-ABCC-42D4356BB5EB}.Debug|x64.ActiveCfg = Debug|x64
		{4FFD9DC5-D312-452A-ABCC-42D4356BB5EB}.Debug|x64.Build.0 = Debug|x64
		{4FFD9DC5-D312-452A-ABCC-42D4356BB5EB}.Debug|x86.ActiveCfg = Debug|Win32
		{4FFD9DC5-D312-452A-ABCC-42D4356BB5EB}.Debug|x86.Build.0 = Debug|Win32
		{4FFD9DC5-D312-452A-ABCC-42D4356BB5EB}.Release|x64.ActiveCfg = Release|x64
		{4FFD9DC5-D312-452A-ABCC-42D4356BB5EB}.Release|x64.Build.0 = Release|x64
		{4FFD9DC5-D312-452A-ABCC-42D4356BB5EB}.Release|x86.ActiveCfg = Release|Win32
		{4FFD9DC5-D312-452A-ABCC-42D4356BB5EB}.Release|x86.Build.0 = Release|Win32
		{116DA9A5-B427-48E1-AC0C-948DBEF84D47}.Debug|x64.ActiveCfg = Debug|x64
		{116DA9A5-B427-48E1-AC0C-948DBEF84D47}.Debug|x64.Build.0 = Debug|x64
		{116DA9A5-B427-48E1-AC0C-948DBEF84D47}.Debug|x86.ActiveCfg = Debug|Win32
		{116DA9A5-B427-48E1-AC0C-948DBEF84D47}.Debug|x86.Build.0 = Debug|Win32
		{116DA9A5-B427-48E1-AC0C-948DBEF84D47}.Release|x64.ActiveCfg = Release|x64
		{116DA9A5-B427-48E1-AC0C-948DBEF84D47}.Release|x64.Build.0 = Release|x64
		{116DA9A5-B427-48E1-AC0C-948DBEF84D47}.Release|x86.ActiveCfg = Release|Win32
		{116DA9A5-B427-48E1-AC0C-948DBEF84D47}.Release|x86.Build.0 = Release|Win32
	EndGlobalSection
	GlobalSection(SolutionProperties) = preSolution
		HideSolutionNode = FALSE
	EndGlobalSection
	GlobalSection(ExtensibilityGlobals) = postSolution
		SolutionGuid = {049C9687-FB15-4B7B-A38A-5C9647FDED69}
	EndGlobalSection
EndGlobal
