
Microsoft Visual Studio Solution File, Format Version 12.00
# Visual Studio Version 17
VisualStudioVersion = 17.5.33516.290
MinimumVisualStudioVersion = 10.0.40219.1
Project("{8BC9CEB8-8B4A-11D0-8D11-00A0C91BC942}") = "4-1-3", "4-1-3\4-1-3.vcxproj", "{5462E0A9-79EA-4DED-94CC-1A3BB8D2C682}"
EndProject
Project("{8BC9CEB8-8B4A-11D0-8D11-00A0C91BC942}") = "4-1-9", "4-1-9\4-1-9.vcxproj", "{3A4017C8-E4F4-4DCD-B861-679E1CA7C41F}"
EndProject
Project("{8BC9CEB8-8B4A-11D0-8D11-00A0C91BC942}") = "4-2-1", "4-2-1\4-2-1.vcxproj", "{31BA60D2-3CF1-4F45-8EEB-7303DD061626}"
EndProject
Project("{8BC9CEB8-8B4A-11D0-8D11-00A0C91BC942}") = "4-2-7", "4-2-7\4-2-7.vcxproj", "{5D20DFE5-DE10-4E0C-A239-4634FB19F930}"
EndProject
Project("{8BC9CEB8-8B4A-11D0-8D11-00A0C91BC942}") = "4-3-1", "4-3-1\4-3-1.vcxproj", "{6D41C1D1-4CB8-45FA-A0D5-3F0C3209B705}"
EndProject
Project("{8BC9CEB8-8B4A-11D0-8D11-00A0C91BC942}") = "4-4-1", "4-4-1\4-4-1.vcxproj", "{952091BF-8CEC-4452-B854-E70C37AB5C27}"
EndProject
Project("{8BC9CEB8-8B4A-11D0-8D11-00A0C91BC942}") = "4-4-4", "4-4-4\4-4-4.vcxproj", "{8395E752-22BF-4E60-831F-10AC5BC4AA59}"
EndProject
Project("{8BC9CEB8-8B4A-11D0-8D11-00A0C91BC942}") = "4-5-1", "4-5-1\4-5-1.vcxproj", "{C8C1B0F1-A124-45D1-93B9-D61714729459}"
EndProject
Project("{8BC9CEB8-8B4A-11D0-8D11-00A0C91BC942}") = "4-5-2", "4-5-2\4-5-2.vcxproj", "{6DCB0FBE-35AB-42E3-9BD8-E3922EEB3463}"
EndProject
Project("{8BC9CEB8-8B4A-11D0-8D11-00A0C91BC942}") = "4-5-4", "4-5-4\4-5-4.vcxproj", "{270F46C5-5594-4DB6-8C12-BA3B1CB779B5}"
EndProject
Project("{8BC9CEB8-8B4A-11D0-8D11-00A0C91BC942}") = "4-5-5", "4-5-5\4-5-5.vcxproj", "{C203AD6F-EB43-4BCF-BC0D-DCD68B554140}"
EndProject
Project("{8BC9CEB8-8B4A-11D0-8D11-00A0C91BC942}") = "4-6-1", "4-6-1\4-6-1.vcxproj", "{7F03B5E3-72AC-4308-807E-560E7C29C1E2}"
EndProject
Project("{8BC9CEB8-8B4A-11D0-8D11-00A0C91BC942}") = "4-6-2", "4-6-2\4-6-2.vcxproj", "{96372A49-0738-4FEC-B50A-E50A80587DD7}"
EndProject
Project("{8BC9CEB8-8B4A-11D0-8D11-00A0C91BC942}") = "4-6-3", "4-6-3\4-6-3.vcxproj", "{1EA3C62E-FC9D-4C91-B5B6-ECCB3B6460B1}"
EndProject
Global
	GlobalSection(SolutionConfigurationPlatforms) = preSolution
		Debug|x64 = Debug|x64
		Debug|x86 = Debug|x86
		Release|x64 = Release|x64
		Release|x86 = Release|x86
	EndGlobalSection
	GlobalSection(ProjectConfigurationPlatforms) = postSolution
		{5462E0A9-79EA-4DED-94CC-1A3BB8D2C682}.Debug|x64.ActiveCfg = Debug|x64
		{5462E0A9-79EA-4DED-94CC-1A3BB8D2C682}.Debug|x64.Build.0 = Debug|x64
		{5462E0A9-79EA-4DED-94CC-1A3BB8D2C682}.Debug|x86.ActiveCfg = Debug|Win32
		{5462E0A9-79EA-4DED-94CC-1A3BB8D2C682}.Debug|x86.Build.0 = Debug|Win32
		{5462E0A9-79EA-4DED-94CC-1A3BB8D2C682}.Release|x64.ActiveCfg = Release|x64
		{5462E0A9-79EA-4DED-94CC-1A3BB8D2C682}.Release|x64.Build.0 = Release|x64
		{5462E0A9-79EA-4DED-94CC-1A3BB8D2C682}.Release|x86.ActiveCfg = Release|Win32
		{5462E0A9-79EA-4DED-94CC-1A3BB8D2C682}.Release|x86.Build.0 = Release|Win32
		{3A4017C8-E4F4-4DCD-B861-679E1CA7C41F}.Debug|x64.ActiveCfg = Debug|x64
		{3A4017C8-E4F4-4DCD-B861-679E1CA7C41F}.Debug|x64.Build.0 = Debug|x64
		{3A4017C8-E4F4-4DCD-B861-679E1CA7C41F}.Debug|x86.ActiveCfg = Debug|Win32
		{3A4017C8-E4F4-4DCD-B861-679E1CA7C41F}.Debug|x86.Build.0 = Debug|Win32
		{3A4017C8-E4F4-4DCD-B861-679E1CA7C41F}.Release|x64.ActiveCfg = Release|x64
		{3A4017C8-E4F4-4DCD-B861-679E1CA7C41F}.Release|x64.Build.0 = Release|x64
		{3A4017C8-E4F4-4DCD-B861-679E1CA7C41F}.Release|x86.ActiveCfg = Release|Win32
		{3A4017C8-E4F4-4DCD-B861-679E1CA7C41F}.Release|x86.Build.0 = Release|Win32
		{31BA60D2-3CF1-4F45-8EEB-7303DD061626}.Debug|x64.ActiveCfg = Debug|x64
		{31BA60D2-3CF1-4F45-8EEB-7303DD061626}.Debug|x64.Build.0 = Debug|x64
		{31BA60D2-3CF1-4F45-8EEB-7303DD061626}.Debug|x86.ActiveCfg = Debug|Win32
		{31BA60D2-3CF1-4F45-8EEB-7303DD061626}.Debug|x86.Build.0 = Debug|Win32
		{31BA60D2-3CF1-4F45-8EEB-7303DD061626}.Release|x64.ActiveCfg = Release|x64
		{31BA60D2-3CF1-4F45-8EEB-7303DD061626}.Release|x64.Build.0 = Release|x64
		{31BA60D2-3CF1-4F45-8EEB-7303DD061626}.Release|x86.ActiveCfg = Release|Win32
		{31BA60D2-3CF1-4F45-8EEB-7303DD061626}.Release|x86.Build.0 = Release|Win32
		{5D20DFE5-DE10-4E0C-A239-4634FB19F930}.Debug|x64.ActiveCfg = Debug|x64
		{5D20DFE5-DE10-4E0C-A239-4634FB19F930}.Debug|x64.Build.0 = Debug|x64
		{5D20DFE5-DE10-4E0C-A239-4634FB19F930}.Debug|x86.ActiveCfg = Debug|Win32
		{5D20DFE5-DE10-4E0C-A239-4634FB19F930}.Debug|x86.Build.0 = Debug|Win32
		{5D20DFE5-DE10-4E0C-A239-4634FB19F930}.Release|x64.ActiveCfg = Release|x64
		{5D20DFE5-DE10-4E0C-A239-4634FB19F930}.Release|x64.Build.0 = Release|x64
		{5D20DFE5-DE10-4E0C-A239-4634FB19F930}.Release|x86.ActiveCfg = Release|Win32
		{5D20DFE5-DE10-4E0C-A239-4634FB19F930}.Release|x86.Build.0 = Release|Win32
		{6D41C1D1-4CB8-45FA-A0D5-3F0C3209B705}.Debug|x64.ActiveCfg = Debug|x64
		{6D41C1D1-4CB8-45FA-A0D5-3F0C3209B705}.Debug|x64.Build.0 = Debug|x64
		{6D41C1D1-4CB8-45FA-A0D5-3F0C3209B705}.Debug|x86.ActiveCfg = Debug|Win32
		{6D41C1D1-4CB8-45FA-A0D5-3F0C3209B705}.Debug|x86.Build.0 = Debug|Win32
		{6D41C1D1-4CB8-45FA-A0D5-3F0C3209B705}.Release|x64.ActiveCfg = Release|x64
		{6D41C1D1-4CB8-45FA-A0D5-3F0C3209B705}.Release|x64.Build.0 = Release|x64
		{6D41C1D1-4CB8-45FA-A0D5-3F0C3209B705}.Release|x86.ActiveCfg = Release|Win32
		{6D41C1D1-4CB8-45FA-A0D5-3F0C3209B705}.Release|x86.Build.0 = Release|Win32
		{952091BF-8CEC-4452-B854-E70C37AB5C27}.Debug|x64.ActiveCfg = Debug|x64
		{952091BF-8CEC-4452-B854-E70C37AB5C27}.Debug|x64.Build.0 = Debug|x64
		{952091BF-8CEC-4452-B854-E70C37AB5C27}.Debug|x86.ActiveCfg = Debug|Win32
		{952091BF-8CEC-4452-B854-E70C37AB5C27}.Debug|x86.Build.0 = Debug|Win32
		{952091BF-8CEC-4452-B854-E70C37AB5C27}.Release|x64.ActiveCfg = Release|x64
		{952091BF-8CEC-4452-B854-E70C37AB5C27}.Release|x64.Build.0 = Release|x64
		{952091BF-8CEC-4452-B854-E70C37AB5C27}.Release|x86.ActiveCfg = Release|Win32
		{952091BF-8CEC-4452-B854-E70C37AB5C27}.Release|x86.Build.0 = Release|Win32
		{8395E752-22BF-4E60-831F-10AC5BC4AA59}.Debug|x64.ActiveCfg = Debug|x64
		{8395E752-22BF-4E60-831F-10AC5BC4AA59}.Debug|x64.Build.0 = Debug|x64
		{8395E752-22BF-4E60-831F-10AC5BC4AA59}.Debug|x86.ActiveCfg = Debug|Win32
		{8395E752-22BF-4E60-831F-10AC5BC4AA59}.Debug|x86.Build.0 = Debug|Win32
		{8395E752-22BF-4E60-831F-10AC5BC4AA59}.Release|x64.ActiveCfg = Release|x64
		{8395E752-22BF-4E60-831F-10AC5BC4AA59}.Release|x64.Build.0 = Release|x64
		{8395E752-22BF-4E60-831F-10AC5BC4AA59}.Release|x86.ActiveCfg = Release|Win32
		{8395E752-22BF-4E60-831F-10AC5BC4AA59}.Release|x86.Build.0 = Release|Win32
		{C8C1B0F1-A124-45D1-93B9-D61714729459}.Debug|x64.ActiveCfg = Debug|x64
		{C8C1B0F1-A124-45D1-93B9-D61714729459}.Debug|x64.Build.0 = Debug|x64
		{C8C1B0F1-A124-45D1-93B9-D61714729459}.Debug|x86.ActiveCfg = Debug|Win32
		{C8C1B0F1-A124-45D1-93B9-D61714729459}.Debug|x86.Build.0 = Debug|Win32
		{C8C1B0F1-A124-45D1-93B9-D61714729459}.Release|x64.ActiveCfg = Release|x64
		{C8C1B0F1-A124-45D1-93B9-D61714729459}.Release|x64.Build.0 = Release|x64
		{C8C1B0F1-A124-45D1-93B9-D61714729459}.Release|x86.ActiveCfg = Release|Win32
		{C8C1B0F1-A124-45D1-93B9-D61714729459}.Release|x86.Build.0 = Release|Win32
		{6DCB0FBE-35AB-42E3-9BD8-E3922EEB3463}.Debug|x64.ActiveCfg = Debug|x64
		{6DCB0FBE-35AB-42E3-9BD8-E3922EEB3463}.Debug|x64.Build.0 = Debug|x64
		{6DCB0FBE-35AB-42E3-9BD8-E3922EEB3463}.Debug|x86.ActiveCfg = Debug|Win32
		{6DCB0FBE-35AB-42E3-9BD8-E3922EEB3463}.Debug|x86.Build.0 = Debug|Win32
		{6DCB0FBE-35AB-42E3-9BD8-E3922EEB3463}.Release|x64.ActiveCfg = Release|x64
		{6DCB0FBE-35AB-42E3-9BD8-E3922EEB3463}.Release|x64.Build.0 = Release|x64
		{6DCB0FBE-35AB-42E3-9BD8-E3922EEB3463}.Release|x86.ActiveCfg = Release|Win32
		{6DCB0FBE-35AB-42E3-9BD8-E3922EEB3463}.Release|x86.Build.0 = Release|Win32
		{270F46C5-5594-4DB6-8C12-BA3B1CB779B5}.Debug|x64.ActiveCfg = Debug|x64
		{270F46C5-5594-4DB6-8C12-BA3B1CB779B5}.Debug|x64.Build.0 = Debug|x64
		{270F46C5-5594-4DB6-8C12-BA3B1CB779B5}.Debug|x86.ActiveCfg = Debug|Win32
		{270F46C5-5594-4DB6-8C12-BA3B1CB779B5}.Debug|x86.Build.0 = Debug|Win32
		{270F46C5-5594-4DB6-8C12-BA3B1CB779B5}.Release|x64.ActiveCfg = Release|x64
		{270F46C5-5594-4DB6-8C12-BA3B1CB779B5}.Release|x64.Build.0 = Release|x64
		{270F46C5-5594-4DB6-8C12-BA3B1CB779B5}.Release|x86.ActiveCfg = Release|Win32
		{270F46C5-5594-4DB6-8C12-BA3B1CB779B5}.Release|x86.Build.0 = Release|Win32
		{C203AD6F-EB43-4BCF-BC0D-DCD68B554140}.Debug|x64.ActiveCfg = Debug|x64
		{C203AD6F-EB43-4BCF-BC0D-DCD68B554140}.Debug|x64.Build.0 = Debug|x64
		{C203AD6F-EB43-4BCF-BC0D-DCD68B554140}.Debug|x86.ActiveCfg = Debug|Win32
		{C203AD6F-EB43-4BCF-BC0D-DCD68B554140}.Debug|x86.Build.0 = Debug|Win32
		{C203AD6F-EB43-4BCF-BC0D-DCD68B554140}.Release|x64.ActiveCfg = Release|x64
		{C203AD6F-EB43-4BCF-BC0D-DCD68B554140}.Release|x64.Build.0 = Release|x64
		{C203AD6F-EB43-4BCF-BC0D-DCD68B554140}.Release|x86.ActiveCfg = Release|Win32
		{C203AD6F-EB43-4BCF-BC0D-DCD68B554140}.Release|x86.Build.0 = Release|Win32
		{7F03B5E3-72AC-4308-807E-560E7C29C1E2}.Debug|x64.ActiveCfg = Debug|x64
		{7F03B5E3-72AC-4308-807E-560E7C29C1E2}.Debug|x64.Build.0 = Debug|x64
		{7F03B5E3-72AC-4308-807E-560E7C29C1E2}.Debug|x86.ActiveCfg = Debug|Win32
		{7F03B5E3-72AC-4308-807E-560E7C29C1E2}.Debug|x86.Build.0 = Debug|Win32
		{7F03B5E3-72AC-4308-807E-560E7C29C1E2}.Release|x64.ActiveCfg = Release|x64
		{7F03B5E3-72AC-4308-807E-560E7C29C1E2}.Release|x64.Build.0 = Release|x64
		{7F03B5E3-72AC-4308-807E-560E7C29C1E2}.Release|x86.ActiveCfg = Release|Win32
		{7F03B5E3-72AC-4308-807E-560E7C29C1E2}.Release|x86.Build.0 = Release|Win32
		{96372A49-0738-4FEC-B50A-E50A80587DD7}.Debug|x64.ActiveCfg = Debug|x64
		{96372A49-0738-4FEC-B50A-E50A80587DD7}.Debug|x64.Build.0 = Debug|x64
		{96372A49-0738-4FEC-B50A-E50A80587DD7}.Debug|x86.ActiveCfg = Debug|Win32
		{96372A49-0738-4FEC-B50A-E50A80587DD7}.Debug|x86.Build.0 = Debug|Win32
		{96372A49-0738-4FEC-B50A-E50A80587DD7}.Release|x64.ActiveCfg = Release|x64
		{96372A49-0738-4FEC-B50A-E50A80587DD7}.Release|x64.Build.0 = Release|x64
		{96372A49-0738-4FEC-B50A-E50A80587DD7}.Release|x86.ActiveCfg = Release|Win32
		{96372A49-0738-4FEC-B50A-E50A80587DD7}.Release|x86.Build.0 = Release|Win32
		{1EA3C62E-FC9D-4C91-B5B6-ECCB3B6460B1}.Debug|x64.ActiveCfg = Debug|x64
		{1EA3C62E-FC9D-4C91-B5B6-ECCB3B6460B1}.Debug|x64.Build.0 = Debug|x64
		{1EA3C62E-FC9D-4C91-B5B6-ECCB3B6460B1}.Debug|x86.ActiveCfg = Debug|Win32
		{1EA3C62E-FC9D-4C91-B5B6-ECCB3B6460B1}.Debug|x86.Build.0 = Debug|Win32
		{1EA3C62E-FC9D-4C91-B5B6-ECCB3B6460B1}.Release|x64.ActiveCfg = Release|x64
		{1EA3C62E-FC9D-4C91-B5B6-ECCB3B6460B1}.Release|x64.Build.0 = Release|x64
		{1EA3C62E-FC9D-4C91-B5B6-ECCB3B6460B1}.Release|x86.ActiveCfg = Release|Win32
		{1EA3C62E-FC9D-4C91-B5B6-ECCB3B6460B1}.Release|x86.Build.0 = Release|Win32
	EndGlobalSection
	GlobalSection(SolutionProperties) = preSolution
		HideSolutionNode = FALSE
	EndGlobalSection
	GlobalSection(ExtensibilityGlobals) = postSolution
		SolutionGuid = {8239A2B8-A49F-4D4A-9D41-D6A7B40FBC2B}
	EndGlobalSection
EndGlobal
