
Microsoft Visual Studio Solution File, Format Version 12.00
# Visual Studio Version 17
VisualStudioVersion = 17.5.33516.290
MinimumVisualStudioVersion = 10.0.40219.1
Project("{8BC9CEB8-8B4A-11D0-8D11-00A0C91BC942}") = "6-2-2", "6-2-2\6-2-2.vcxproj", "{6FC26B38-597F-4B16-A894-5CDF1F454293}"
EndProject
Project("{8BC9CEB8-8B4A-11D0-8D11-00A0C91BC942}") = "6-3-2", "6-3-2\6-3-2.vcxproj", "{15C5DB60-B65A-434D-BD6E-256FCD48E24C}"
EndProject
Project("{8BC9CEB8-8B4A-11D0-8D11-00A0C91BC942}") = "6-3-4-6", "6-3-4-6\6-3-4-6.vcxproj", "{1B888AD2-6280-4BF8-94BC-27634F2A5192}"
EndProject
Project("{8BC9CEB8-8B4A-11D0-8D11-00A0C91BC942}") = "6-3-4-7", "6-3-4-7\6-3-4-7.vcxproj", "{FD2EBA96-DA8F-4BF1-AD3C-7A120DF00241}"
EndProject
Project("{8BC9CEB8-8B4A-11D0-8D11-00A0C91BC942}") = "6-3-4-8", "6-3-4-8\6-3-4-8.vcxproj", "{A6245A11-BA69-49D0-967C-B8DB558A66A0}"
EndProject
Project("{8BC9CEB8-8B4A-11D0-8D11-00A0C91BC942}") = "6-4-2", "6-4-2\6-4-2.vcxproj", "{07149769-335C-4180-BF8A-4E8BF1AB47E4}"
EndProject
Project("{8BC9CEB8-8B4A-11D0-8D11-00A0C91BC942}") = "6-5-1", "6-5-1\6-5-1.vcxproj", "{5AB58E7E-F1A9-4AEC-B6D3-96FC1850EFCF}"
EndProject
Project("{8BC9CEB8-8B4A-11D0-8D11-00A0C91BC942}") = "6-5-3-1", "6-5-3-1\6-5-3-1.vcxproj", "{7F09C438-8F37-436E-B350-1FCBA0E67806}"
EndProject
Project("{8BC9CEB8-8B4A-11D0-8D11-00A0C91BC942}") = "6-5-3-2", "6-5-3-2\6-5-3-2.vcxproj", "{04297C7E-2770-4893-BDC5-4128C3E8C07A}"
EndProject
Project("{8BC9CEB8-8B4A-11D0-8D11-00A0C91BC942}") = "6-5-4", "6-5-4\6-5-4.vcxproj", "{45F0198D-8AFF-49E2-A73C-781FF57D0966}"
EndProject
Project("{8BC9CEB8-8B4A-11D0-8D11-00A0C91BC942}") = "6-6-2", "6-6-2\6-6-2.vcxproj", "{A234CD6F-DB2D-47DC-A87C-4599256B2DAC}"
EndProject
Global
	GlobalSection(SolutionConfigurationPlatforms) = preSolution
		Debug|x64 = Debug|x64
		Debug|x86 = Debug|x86
		Release|x64 = Release|x64
		Release|x86 = Release|x86
	EndGlobalSection
	GlobalSection(ProjectConfigurationPlatforms) = postSolution
		{6FC26B38-597F-4B16-A894-5CDF1F454293}.Debug|x64.ActiveCfg = Debug|x64
		{6FC26B38-597F-4B16-A894-5CDF1F454293}.Debug|x64.Build.0 = Debug|x64
		{6FC26B38-597F-4B16-A894-5CDF1F454293}.Debug|x86.ActiveCfg = Debug|Win32
		{6FC26B38-597F-4B16-A894-5CDF1F454293}.Debug|x86.Build.0 = Debug|Win32
		{6FC26B38-597F-4B16-A894-5CDF1F454293}.Release|x64.ActiveCfg = Release|x64
		{6FC26B38-597F-4B16-A894-5CDF1F454293}.Release|x64.Build.0 = Release|x64
		{6FC26B38-597F-4B16-A894-5CDF1F454293}.Release|x86.ActiveCfg = Release|Win32
		{6FC26B38-597F-4B16-A894-5CDF1F454293}.Release|x86.Build.0 = Release|Win32
		{15C5DB60-B65A-434D-BD6E-256FCD48E24C}.Debug|x64.ActiveCfg = Debug|x64
		{15C5DB60-B65A-434D-BD6E-256FCD48E24C}.Debug|x64.Build.0 = Debug|x64
		{15C5DB60-B65A-434D-BD6E-256FCD48E24C}.Debug|x86.ActiveCfg = Debug|Win32
		{15C5DB60-B65A-434D-BD6E-256FCD48E24C}.Debug|x86.Build.0 = Debug|Win32
		{15C5DB60-B65A-434D-BD6E-256FCD48E24C}.Release|x64.ActiveCfg = Release|x64
		{15C5DB60-B65A-434D-BD6E-256FCD48E24C}.Release|x64.Build.0 = Release|x64
		{15C5DB60-B65A-434D-BD6E-256FCD48E24C}.Release|x86.ActiveCfg = Release|Win32
		{15C5DB60-B65A-434D-BD6E-256FCD48E24C}.Release|x86.Build.0 = Release|Win32
		{1B888AD2-6280-4BF8-94BC-27634F2A5192}.Debug|x64.ActiveCfg = Debug|x64
		{1B888AD2-6280-4BF8-94BC-27634F2A5192}.Debug|x64.Build.0 = Debug|x64
		{1B888AD2-6280-4BF8-94BC-27634F2A5192}.Debug|x86.ActiveCfg = Debug|Win32
		{1B888AD2-6280-4BF8-94BC-27634F2A5192}.Debug|x86.Build.0 = Debug|Win32
		{1B888AD2-6280-4BF8-94BC-27634F2A5192}.Release|x64.ActiveCfg = Release|x64
		{1B888AD2-6280-4BF8-94BC-27634F2A5192}.Release|x64.Build.0 = Release|x64
		{1B888AD2-6280-4BF8-94BC-27634F2A5192}.Release|x86.ActiveCfg = Release|Win32
		{1B888AD2-6280-4BF8-94BC-27634F2A5192}.Release|x86.Build.0 = Release|Win32
		{FD2EBA96-DA8F-4BF1-AD3C-7A120DF00241}.Debug|x64.ActiveCfg = Debug|x64
		{FD2EBA96-DA8F-4BF1-AD3C-7A120DF00241}.Debug|x64.Build.0 = Debug|x64
		{FD2EBA96-DA8F-4BF1-AD3C-7A120DF00241}.Debug|x86.ActiveCfg = Debug|Win32
		{FD2EBA96-DA8F-4BF1-AD3C-7A120DF00241}.Debug|x86.Build.0 = Debug|Win32
		{FD2EBA96-DA8F-4BF1-AD3C-7A120DF00241}.Release|x64.ActiveCfg = Release|x64
		{FD2EBA96-DA8F-4BF1-AD3C-7A120DF00241}.Release|x64.Build.0 = Release|x64
		{FD2EBA96-DA8F-4BF1-AD3C-7A120DF00241}.Release|x86.ActiveCfg = Release|Win32
		{FD2EBA96-DA8F-4BF1-AD3C-7A120DF00241}.Release|x86.Build.0 = Release|Win32
		{A6245A11-BA69-49D0-967C-B8DB558A66A0}.Debug|x64.ActiveCfg = Debug|x64
		{A6245A11-BA69-49D0-967C-B8DB558A66A0}.Debug|x64.Build.0 = Debug|x64
		{A6245A11-BA69-49D0-967C-B8DB558A66A0}.Debug|x86.ActiveCfg = Debug|Win32
		{A6245A11-BA69-49D0-967C-B8DB558A66A0}.Debug|x86.Build.0 = Debug|Win32
		{A6245A11-BA69-49D0-967C-B8DB558A66A0}.Release|x64.ActiveCfg = Release|x64
		{A6245A11-BA69-49D0-967C-B8DB558A66A0}.Release|x64.Build.0 = Release|x64
		{A6245A11-BA69-49D0-967C-B8DB558A66A0}.Release|x86.ActiveCfg = Release|Win32
		{A6245A11-BA69-49D0-967C-B8DB558A66A0}.Release|x86.Build.0 = Release|Win32
		{07149769-335C-4180-BF8A-4E8BF1AB47E4}.Debug|x64.ActiveCfg = Debug|x64
		{07149769-335C-4180-BF8A-4E8BF1AB47E4}.Debug|x64.Build.0 = Debug|x64
		{07149769-335C-4180-BF8A-4E8BF1AB47E4}.Debug|x86.ActiveCfg = Debug|Win32
		{07149769-335C-4180-BF8A-4E8BF1AB47E4}.Debug|x86.Build.0 = Debug|Win32
		{07149769-335C-4180-BF8A-4E8BF1AB47E4}.Release|x64.ActiveCfg = Release|x64
		{07149769-335C-4180-BF8A-4E8BF1AB47E4}.Release|x64.Build.0 = Release|x64
		{07149769-335C-4180-BF8A-4E8BF1AB47E4}.Release|x86.ActiveCfg = Release|Win32
		{07149769-335C-4180-BF8A-4E8BF1AB47E4}.Release|x86.Build.0 = Release|Win32
		{5AB58E7E-F1A9-4AEC-B6D3-96FC1850EFCF}.Debug|x64.ActiveCfg = Debug|x64
		{5AB58E7E-F1A9-4AEC-B6D3-96FC1850EFCF}.Debug|x64.Build.0 = Debug|x64
		{5AB58E7E-F1A9-4AEC-B6D3-96FC1850EFCF}.Debug|x86.ActiveCfg = Debug|Win32
		{5AB58E7E-F1A9-4AEC-B6D3-96FC1850EFCF}.Debug|x86.Build.0 = Debug|Win32
		{5AB58E7E-F1A9-4AEC-B6D3-96FC1850EFCF}.Release|x64.ActiveCfg = Release|x64
		{5AB58E7E-F1A9-4AEC-B6D3-96FC1850EFCF}.Release|x64.Build.0 = Release|x64
		{5AB58E7E-F1A9-4AEC-B6D3-96FC1850EFCF}.Release|x86.ActiveCfg = Release|Win32
		{5AB58E7E-F1A9-4AEC-B6D3-96FC1850EFCF}.Release|x86.Build.0 = Release|Win32
		{7F09C438-8F37-436E-B350-1FCBA0E67806}.Debug|x64.ActiveCfg = Debug|x64
		{7F09C438-8F37-436E-B350-1FCBA0E67806}.Debug|x64.Build.0 = Debug|x64
		{7F09C438-8F37-436E-B350-1FCBA0E67806}.Debug|x86.ActiveCfg = Debug|Win32
		{7F09C438-8F37-436E-B350-1FCBA0E67806}.Debug|x86.Build.0 = Debug|Win32
		{7F09C438-8F37-436E-B350-1FCBA0E67806}.Release|x64.ActiveCfg = Release|x64
		{7F09C438-8F37-436E-B350-1FCBA0E67806}.Release|x64.Build.0 = Release|x64
		{7F09C438-8F37-436E-B350-1FCBA0E67806}.Release|x86.ActiveCfg = Release|Win32
		{7F09C438-8F37-436E-B350-1FCBA0E67806}.Release|x86.Build.0 = Release|Win32
		{04297C7E-2770-4893-BDC5-4128C3E8C07A}.Debug|x64.ActiveCfg = Debug|x64
		{04297C7E-2770-4893-BDC5-4128C3E8C07A}.Debug|x64.Build.0 = Debug|x64
		{04297C7E-2770-4893-BDC5-4128C3E8C07A}.Debug|x86.ActiveCfg = Debug|Win32
		{04297C7E-2770-4893-BDC5-4128C3E8C07A}.Debug|x86.Build.0 = Debug|Win32
		{04297C7E-2770-4893-BDC5-4128C3E8C07A}.Release|x64.ActiveCfg = Release|x64
		{04297C7E-2770-4893-BDC5-4128C3E8C07A}.Release|x64.Build.0 = Release|x64
		{04297C7E-2770-4893-BDC5-4128C3E8C07A}.Release|x86.ActiveCfg = Release|Win32
		{04297C7E-2770-4893-BDC5-4128C3E8C07A}.Release|x86.Build.0 = Release|Win32
		{45F0198D-8AFF-49E2-A73C-781FF57D0966}.Debug|x64.ActiveCfg = Debug|x64
		{45F0198D-8AFF-49E2-A73C-781FF57D0966}.Debug|x64.Build.0 = Debug|x64
		{45F0198D-8AFF-49E2-A73C-781FF57D0966}.Debug|x86.ActiveCfg = Debug|Win32
		{45F0198D-8AFF-49E2-A73C-781FF57D0966}.Debug|x86.Build.0 = Debug|Win32
		{45F0198D-8AFF-49E2-A73C-781FF57D0966}.Release|x64.ActiveCfg = Release|x64
		{45F0198D-8AFF-49E2-A73C-781FF57D0966}.Release|x64.Build.0 = Release|x64
		{45F0198D-8AFF-49E2-A73C-781FF57D0966}.Release|x86.ActiveCfg = Release|Win32
		{45F0198D-8AFF-49E2-A73C-781FF57D0966}.Release|x86.Build.0 = Release|Win32
		{A234CD6F-DB2D-47DC-A87C-4599256B2DAC}.Debug|x64.ActiveCfg = Debug|x64
		{A234CD6F-DB2D-47DC-A87C-4599256B2DAC}.Debug|x64.Build.0 = Debug|x64
		{A234CD6F-DB2D-47DC-A87C-4599256B2DAC}.Debug|x86.ActiveCfg = Debug|Win32
		{A234CD6F-DB2D-47DC-A87C-4599256B2DAC}.Debug|x86.Build.0 = Debug|Win32
		{A234CD6F-DB2D-47DC-A87C-4599256B2DAC}.Release|x64.ActiveCfg = Release|x64
		{A234CD6F-DB2D-47DC-A87C-4599256B2DAC}.Release|x64.Build.0 = Release|x64
		{A234CD6F-DB2D-47DC-A87C-4599256B2DAC}.Release|x86.ActiveCfg = Release|Win32
		{A234CD6F-DB2D-47DC-A87C-4599256B2DAC}.Release|x86.Build.0 = Release|Win32
	EndGlobalSection
	GlobalSection(SolutionProperties) = preSolution
		HideSolutionNode = FALSE
	EndGlobalSection
	GlobalSection(ExtensibilityGlobals) = postSolution
		SolutionGuid = {E979E83E-C844-4897-B217-A744F27DEF47}
	EndGlobalSection
EndGlobal
