
Microsoft Visual Studio Solution File, Format Version 12.00
# Visual Studio Version 17
VisualStudioVersion = 17.5.33516.290
MinimumVisualStudioVersion = 10.0.40219.1
Project("{8BC9CEB8-8B4A-11D0-8D11-00A0C91BC942}") = "7-1-2", "7-1-2\7-1-2.vcxproj", "{8F71A107-CDB7-4894-B091-8A1683E65D5D}"
EndProject
Project("{8BC9CEB8-8B4A-11D0-8D11-00A0C91BC942}") = "7-2-1", "7-2-1\7-2-1.vcxproj", "{D28E70CA-C89F-4BEF-B57D-603214364905}"
EndProject
Project("{8BC9CEB8-8B4A-11D0-8D11-00A0C91BC942}") = "7-2-2", "7-2-2\7-2-2.vcxproj", "{45BAA34E-AF6E-45D0-9195-0FCAB49C0D19}"
EndProject
Project("{8BC9CEB8-8B4A-11D0-8D11-00A0C91BC942}") = "7-2-3", "7-2-3\7-2-3.vcxproj", "{28B9509A-4FBB-4253-905B-7E53BF75AE22}"
EndProject
Project("{8BC9CEB8-8B4A-11D0-8D11-00A0C91BC942}") = "7-2-4", "7-2-4\7-2-4.vcxproj", "{C0650B57-3759-4949-A87E-757F064CF4D6}"
EndProject
Project("{8BC9CEB8-8B4A-11D0-8D11-00A0C91BC942}") = "7-3-1-1", "7-3-1-1\7-3-1-1.vcxproj", "{BDF0A3F5-1B3B-4039-8414-2514DEF0B829}"
EndProject
Project("{8BC9CEB8-8B4A-11D0-8D11-00A0C91BC942}") = "7-3-1-2", "7-3-1-2\7-3-1-2.vcxproj", "{63BAA268-7EC2-4B80-8280-5144B6D86335}"
EndProject
Project("{8BC9CEB8-8B4A-11D0-8D11-00A0C91BC942}") = "7-3-2-1", "7-3-2-1\7-3-2-1.vcxproj", "{CCF218E4-5F92-42FA-ACEA-7B4DB54E5C82}"
EndProject
Project("{8BC9CEB8-8B4A-11D0-8D11-00A0C91BC942}") = "7-3-2-2", "7-3-2-2\7-3-2-2.vcxproj", "{D455510D-CEB8-468F-B809-2734E354F5D6}"
EndProject
Global
	GlobalSection(SolutionConfigurationPlatforms) = preSolution
		Debug|x64 = Debug|x64
		Debug|x86 = Debug|x86
		Release|x64 = Release|x64
		Release|x86 = Release|x86
	EndGlobalSection
	GlobalSection(ProjectConfigurationPlatforms) = postSolution
		{8F71A107-CDB7-4894-B091-8A1683E65D5D}.Debug|x64.ActiveCfg = Debug|x64
		{8F71A107-CDB7-4894-B091-8A1683E65D5D}.Debug|x64.Build.0 = Debug|x64
		{8F71A107-CDB7-4894-B091-8A1683E65D5D}.Debug|x86.ActiveCfg = Debug|Win32
		{8F71A107-CDB7-4894-B091-8A1683E65D5D}.Debug|x86.Build.0 = Debug|Win32
		{8F71A107-CDB7-4894-B091-8A1683E65D5D}.Release|x64.ActiveCfg = Release|x64
		{8F71A107-CDB7-4894-B091-8A1683E65D5D}.Release|x64.Build.0 = Release|x64
		{8F71A107-CDB7-4894-B091-8A1683E65D5D}.Release|x86.ActiveCfg = Release|Win32
		{8F71A107-CDB7-4894-B091-8A1683E65D5D}.Release|x86.Build.0 = Release|Win32
		{D28E70CA-C89F-4BEF-B57D-603214364905}.Debug|x64.ActiveCfg = Debug|x64
		{D28E70CA-C89F-4BEF-B57D-603214364905}.Debug|x64.Build.0 = Debug|x64
		{D28E70CA-C89F-4BEF-B57D-603214364905}.Debug|x86.ActiveCfg = Debug|Win32
		{D28E70CA-C89F-4BEF-B57D-603214364905}.Debug|x86.Build.0 = Debug|Win32
		{D28E70CA-C89F-4BEF-B57D-603214364905}.Release|x64.ActiveCfg = Release|x64
		{D28E70CA-C89F-4BEF-B57D-603214364905}.Release|x64.Build.0 = Release|x64
		{D28E70CA-C89F-4BEF-B57D-603214364905}.Release|x86.ActiveCfg = Release|Win32
		{D28E70CA-C89F-4BEF-B57D-603214364905}.Release|x86.Build.0 = Release|Win32
		{45BAA34E-AF6E-45D0-9195-0FCAB49C0D19}.Debug|x64.ActiveCfg = Debug|x64
		{45BAA34E-AF6E-45D0-9195-0FCAB49C0D19}.Debug|x64.Build.0 = Debug|x64
		{45BAA34E-AF6E-45D0-9195-0FCAB49C0D19}.Debug|x86.ActiveCfg = Debug|Win32
		{45BAA34E-AF6E-45D0-9195-0FCAB49C0D19}.Debug|x86.Build.0 = Debug|Win32
		{45BAA34E-AF6E-45D0-9195-0FCAB49C0D19}.Release|x64.ActiveCfg = Release|x64
		{45BAA34E-AF6E-45D0-9195-0FCAB49C0D19}.Release|x64.Build.0 = Release|x64
		{45BAA34E-AF6E-45D0-9195-0FCAB49C0D19}.Release|x86.ActiveCfg = Release|Win32
		{45BAA34E-AF6E-45D0-9195-0FCAB49C0D19}.Release|x86.Build.0 = Release|Win32
		{28B9509A-4FBB-4253-905B-7E53BF75AE22}.Debug|x64.ActiveCfg = Debug|x64
		{28B9509A-4FBB-4253-905B-7E53BF75AE22}.Debug|x64.Build.0 = Debug|x64
		{28B9509A-4FBB-4253-905B-7E53BF75AE22}.Debug|x86.ActiveCfg = Debug|Win32
		{28B9509A-4FBB-4253-905B-7E53BF75AE22}.Debug|x86.Build.0 = Debug|Win32
		{28B9509A-4FBB-4253-905B-7E53BF75AE22}.Release|x64.ActiveCfg = Release|x64
		{28B9509A-4FBB-4253-905B-7E53BF75AE22}.Release|x64.Build.0 = Release|x64
		{28B9509A-4FBB-4253-905B-7E53BF75AE22}.Release|x86.ActiveCfg = Release|Win32
		{28B9509A-4FBB-4253-905B-7E53BF75AE22}.Release|x86.Build.0 = Release|Win32
		{C0650B57-3759-4949-A87E-757F064CF4D6}.Debug|x64.ActiveCfg = Debug|x64
		{C0650B57-3759-4949-A87E-757F064CF4D6}.Debug|x64.Build.0 = Debug|x64
		{C0650B57-3759-4949-A87E-757F064CF4D6}.Debug|x86.ActiveCfg = Debug|Win32
		{C0650B57-3759-4949-A87E-757F064CF4D6}.Debug|x86.Build.0 = Debug|Win32
		{C0650B57-3759-4949-A87E-757F064CF4D6}.Release|x64.ActiveCfg = Release|x64
		{C0650B57-3759-4949-A87E-757F064CF4D6}.Release|x64.Build.0 = Release|x64
		{C0650B57-3759-4949-A87E-757F064CF4D6}.Release|x86.ActiveCfg = Release|Win32
		{C0650B57-3759-4949-A87E-757F064CF4D6}.Release|x86.Build.0 = Release|Win32
		{BDF0A3F5-1B3B-4039-8414-2514DEF0B829}.Debug|x64.ActiveCfg = Debug|x64
		{BDF0A3F5-1B3B-4039-8414-2514DEF0B829}.Debug|x64.Build.0 = Debug|x64
		{BDF0A3F5-1B3B-4039-8414-2514DEF0B829}.Debug|x86.ActiveCfg = Debug|Win32
		{BDF0A3F5-1B3B-4039-8414-2514DEF0B829}.Debug|x86.Build.0 = Debug|Win32
		{BDF0A3F5-1B3B-4039-8414-2514DEF0B829}.Release|x64.ActiveCfg = Release|x64
		{BDF0A3F5-1B3B-4039-8414-2514DEF0B829}.Release|x64.Build.0 = Release|x64
		{BDF0A3F5-1B3B-4039-8414-2514DEF0B829}.Release|x86.ActiveCfg = Release|Win32
		{BDF0A3F5-1B3B-4039-8414-2514DEF0B829}.Release|x86.Build.0 = Release|Win32
		{63BAA268-7EC2-4B80-8280-5144B6D86335}.Debug|x64.ActiveCfg = Debug|x64
		{63BAA268-7EC2-4B80-8280-5144B6D86335}.Debug|x64.Build.0 = Debug|x64
		{63BAA268-7EC2-4B80-8280-5144B6D86335}.Debug|x86.ActiveCfg = Debug|Win32
		{63BAA268-7EC2-4B80-8280-5144B6D86335}.Debug|x86.Build.0 = Debug|Win32
		{63BAA268-7EC2-4B80-8280-5144B6D86335}.Release|x64.ActiveCfg = Release|x64
		{63BAA268-7EC2-4B80-8280-5144B6D86335}.Release|x64.Build.0 = Release|x64
		{63BAA268-7EC2-4B80-8280-5144B6D86335}.Release|x86.ActiveCfg = Release|Win32
		{63BAA268-7EC2-4B80-8280-5144B6D86335}.Release|x86.Build.0 = Release|Win32
		{CCF218E4-5F92-42FA-ACEA-7B4DB54E5C82}.Debug|x64.ActiveCfg = Debug|x64
		{CCF218E4-5F92-42FA-ACEA-7B4DB54E5C82}.Debug|x64.Build.0 = Debug|x64
		{CCF218E4-5F92-42FA-ACEA-7B4DB54E5C82}.Debug|x86.ActiveCfg = Debug|Win32
		{CCF218E4-5F92-42FA-ACEA-7B4DB54E5C82}.Debug|x86.Build.0 = Debug|Win32
		{CCF218E4-5F92-42FA-ACEA-7B4DB54E5C82}.Release|x64.ActiveCfg = Release|x64
		{CCF218E4-5F92-42FA-ACEA-7B4DB54E5C82}.Release|x64.Build.0 = Release|x64
		{CCF218E4-5F92-42FA-ACEA-7B4DB54E5C82}.Release|x86.ActiveCfg = Release|Win32
		{CCF218E4-5F92-42FA-ACEA-7B4DB54E5C82}.Release|x86.Build.0 = Release|Win32
		{D455510D-CEB8-468F-B809-2734E354F5D6}.Debug|x64.ActiveCfg = Debug|x64
		{D455510D-CEB8-468F-B809-2734E354F5D6}.Debug|x64.Build.0 = Debug|x64
		{D455510D-CEB8-468F-B809-2734E354F5D6}.Debug|x86.ActiveCfg = Debug|Win32
		{D455510D-CEB8-468F-B809-2734E354F5D6}.Debug|x86.Build.0 = Debug|Win32
		{D455510D-CEB8-468F-B809-2734E354F5D6}.Release|x64.ActiveCfg = Release|x64
		{D455510D-CEB8-468F-B809-2734E354F5D6}.Release|x64.Build.0 = Release|x64
		{D455510D-CEB8-468F-B809-2734E354F5D6}.Release|x86.ActiveCfg = Release|Win32
		{D455510D-CEB8-468F-B809-2734E354F5D6}.Release|x86.Build.0 = Release|Win32
	EndGlobalSection
	GlobalSection(SolutionProperties) = preSolution
		HideSolutionNode = FALSE
	EndGlobalSection
	GlobalSection(ExtensibilityGlobals) = postSolution
		SolutionGuid = {53C66F24-9515-48FE-9D41-AB3AFE4CDEE4}
	EndGlobalSection
EndGlobal
