
Microsoft Visual Studio Solution File, Format Version 12.00
# Visual Studio Version 17
VisualStudioVersion = 17.5.33516.290
MinimumVisualStudioVersion = 10.0.40219.1
Project("{8BC9CEB8-8B4A-11D0-8D11-00A0C91BC942}") = "13-1-3", "13-1-3\13-1-3.vcxproj", "{A2FA2399-ABB9-4EEC-8ACF-DC24DB087334}"
EndProject
Project("{8BC9CEB8-8B4A-11D0-8D11-00A0C91BC942}") = "13-2-1", "13-2-1\13-2-1.vcxproj", "{452F526B-3D66-4785-A489-D9E8A56E771E}"
EndProject
Project("{8BC9CEB8-8B4A-11D0-8D11-00A0C91BC942}") = "13-2-2-1", "13-2-2-1\13-2-2-1.vcxproj", "{D1AFCE88-D87F-4868-AA98-0356085CB6B9}"
EndProject
Project("{8BC9CEB8-8B4A-11D0-8D11-00A0C91BC942}") = "13-2-2-2", "13-2-2-2\13-2-2-2.vcxproj", "{CF0DD2A1-5710-4751-A049-4CA9CC6AF1A3}"
EndProject
Project("{8BC9CEB8-8B4A-11D0-8D11-00A0C91BC942}") = "13-3-1", "13-3-1\13-3-1.vcxproj", "{41972D43-B236-48FF-B193-1701BB2DE8D0}"
EndProject
Project("{8BC9CEB8-8B4A-11D0-8D11-00A0C91BC942}") = "13-3-3", "13-3-3\13-3-3.vcxproj", "{C45C4BE7-82B5-45D6-BC70-40305FBEB4DB}"
EndProject
Project("{8BC9CEB8-8B4A-11D0-8D11-00A0C91BC942}") = "13-3-4", "13-3-4\13-3-4.vcxproj", "{A80E515A-7FD4-4CE8-BF8E-84315BB177E6}"
EndProject
Project("{8BC9CEB8-8B4A-11D0-8D11-00A0C91BC942}") = "13-3-5", "13-3-5\13-3-5.vcxproj", "{BD42DE9F-33F3-4261-8006-23D849C9A96C}"
EndProject
Global
	GlobalSection(SolutionConfigurationPlatforms) = preSolution
		Debug|x64 = Debug|x64
		Debug|x86 = Debug|x86
		Release|x64 = Release|x64
		Release|x86 = Release|x86
	EndGlobalSection
	GlobalSection(ProjectConfigurationPlatforms) = postSolution
		{A2FA2399-ABB9-4EEC-8ACF-DC24DB087334}.Debug|x64.ActiveCfg = Debug|x64
		{A2FA2399-ABB9-4EEC-8ACF-DC24DB087334}.Debug|x64.Build.0 = Debug|x64
		{A2FA2399-ABB9-4EEC-8ACF-DC24DB087334}.Debug|x86.ActiveCfg = Debug|Win32
		{A2FA2399-ABB9-4EEC-8ACF-DC24DB087334}.Debug|x86.Build.0 = Debug|Win32
		{A2FA2399-ABB9-4EEC-8ACF-DC24DB087334}.Release|x64.ActiveCfg = Release|x64
		{A2FA2399-ABB9-4EEC-8ACF-DC24DB087334}.Release|x64.Build.0 = Release|x64
		{A2FA2399-ABB9-4EEC-8ACF-DC24DB087334}.Release|x86.ActiveCfg = Release|Win32
		{A2FA2399-ABB9-4EEC-8ACF-DC24DB087334}.Release|x86.Build.0 = Release|Win32
		{452F526B-3D66-4785-A489-D9E8A56E771E}.Debug|x64.ActiveCfg = Debug|x64
		{452F526B-3D66-4785-A489-D9E8A56E771E}.Debug|x64.Build.0 = Debug|x64
		{452F526B-3D66-4785-A489-D9E8A56E771E}.Debug|x86.ActiveCfg = Debug|Win32
		{452F526B-3D66-4785-A489-D9E8A56E771E}.Debug|x86.Build.0 = Debug|Win32
		{452F526B-3D66-4785-A489-D9E8A56E771E}.Release|x64.ActiveCfg = Release|x64
		{452F526B-3D66-4785-A489-D9E8A56E771E}.Release|x64.Build.0 = Release|x64
		{452F526B-3D66-4785-A489-D9E8A56E771E}.Release|x86.ActiveCfg = Release|Win32
		{452F526B-3D66-4785-A489-D9E8A56E771E}.Release|x86.Build.0 = Release|Win32
		{D1AFCE88-D87F-4868-AA98-0356085CB6B9}.Debug|x64.ActiveCfg = Debug|x64
		{D1AFCE88-D87F-4868-AA98-0356085CB6B9}.Debug|x64.Build.0 = Debug|x64
		{D1AFCE88-D87F-4868-AA98-0356085CB6B9}.Debug|x86.ActiveCfg = Debug|Win32
		{D1AFCE88-D87F-4868-AA98-0356085CB6B9}.Debug|x86.Build.0 = Debug|Win32
		{D1AFCE88-D87F-4868-AA98-0356085CB6B9}.Release|x64.ActiveCfg = Release|x64
		{D1AFCE88-D87F-4868-AA98-0356085CB6B9}.Release|x64.Build.0 = Release|x64
		{D1AFCE88-D87F-4868-AA98-0356085CB6B9}.Release|x86.ActiveCfg = Release|Win32
		{D1AFCE88-D87F-4868-AA98-0356085CB6B9}.Release|x86.Build.0 = Release|Win32
		{CF0DD2A1-5710-4751-A049-4CA9CC6AF1A3}.Debug|x64.ActiveCfg = Debug|x64
		{CF0DD2A1-5710-4751-A049-4CA9CC6AF1A3}.Debug|x64.Build.0 = Debug|x64
		{CF0DD2A1-5710-4751-A049-4CA9CC6AF1A3}.Debug|x86.ActiveCfg = Debug|Win32
		{CF0DD2A1-5710-4751-A049-4CA9CC6AF1A3}.Debug|x86.Build.0 = Debug|Win32
		{CF0DD2A1-5710-4751-A049-4CA9CC6AF1A3}.Release|x64.ActiveCfg = Release|x64
		{CF0DD2A1-5710-4751-A049-4CA9CC6AF1A3}.Release|x64.Build.0 = Release|x64
		{CF0DD2A1-5710-4751-A049-4CA9CC6AF1A3}.Release|x86.ActiveCfg = Release|Win32
		{CF0DD2A1-5710-4751-A049-4CA9CC6AF1A3}.Release|x86.Build.0 = Release|Win32
		{41972D43-B236-48FF-B193-1701BB2DE8D0}.Debug|x64.ActiveCfg = Debug|x64
		{41972D43-B236-48FF-B193-1701BB2DE8D0}.Debug|x64.Build.0 = Debug|x64
		{41972D43-B236-48FF-B193-1701BB2DE8D0}.Debug|x86.ActiveCfg = Debug|Win32
		{41972D43-B236-48FF-B193-1701BB2DE8D0}.Debug|x86.Build.0 = Debug|Win32
		{41972D43-B236-48FF-B193-1701BB2DE8D0}.Release|x64.ActiveCfg = Release|x64
		{41972D43-B236-48FF-B193-1701BB2DE8D0}.Release|x64.Build.0 = Release|x64
		{41972D43-B236-48FF-B193-1701BB2DE8D0}.Release|x86.ActiveCfg = Release|Win32
		{41972D43-B236-48FF-B193-1701BB2DE8D0}.Release|x86.Build.0 = Release|Win32
		{C45C4BE7-82B5-45D6-BC70-40305FBEB4DB}.Debug|x64.ActiveCfg = Debug|x64
		{C45C4BE7-82B5-45D6-BC70-40305FBEB4DB}.Debug|x64.Build.0 = Debug|x64
		{C45C4BE7-82B5-45D6-BC70-40305FBEB4DB}.Debug|x86.ActiveCfg = Debug|Win32
		{C45C4BE7-82B5-45D6-BC70-40305FBEB4DB}.Debug|x86.Build.0 = Debug|Win32
		{C45C4BE7-82B5-45D6-BC70-40305FBEB4DB}.Release|x64.ActiveCfg = Release|x64
		{C45C4BE7-82B5-45D6-BC70-40305FBEB4DB}.Release|x64.Build.0 = Release|x64
		{C45C4BE7-82B5-45D6-BC70-40305FBEB4DB}.Release|x86.ActiveCfg = Release|Win32
		{C45C4BE7-82B5-45D6-BC70-40305FBEB4DB}.Release|x86.Build.0 = Release|Win32
		{A80E515A-7FD4-4CE8-BF8E-84315BB177E6}.Debug|x64.ActiveCfg = Debug|x64
		{A80E515A-7FD4-4CE8-BF8E-84315BB177E6}.Debug|x64.Build.0 = Debug|x64
		{A80E515A-7FD4-4CE8-BF8E-84315BB177E6}.Debug|x86.ActiveCfg = Debug|Win32
		{A80E515A-7FD4-4CE8-BF8E-84315BB177E6}.Debug|x86.Build.0 = Debug|Win32
		{A80E515A-7FD4-4CE8-BF8E-84315BB177E6}.Release|x64.ActiveCfg = Release|x64
		{A80E515A-7FD4-4CE8-BF8E-84315BB177E6}.Release|x64.Build.0 = Release|x64
		{A80E515A-7FD4-4CE8-BF8E-84315BB177E6}.Release|x86.ActiveCfg = Release|Win32
		{A80E515A-7FD4-4CE8-BF8E-84315BB177E6}.Release|x86.Build.0 = Release|Win32
		{BD42DE9F-33F3-4261-8006-23D849C9A96C}.Debug|x64.ActiveCfg = Debug|x64
		{BD42DE9F-33F3-4261-8006-23D849C9A96C}.Debug|x64.Build.0 = Debug|x64
		{BD42DE9F-33F3-4261-8006-23D849C9A96C}.Debug|x86.ActiveCfg = Debug|Win32
		{BD42DE9F-33F3-4261-8006-23D849C9A96C}.Debug|x86.Build.0 = Debug|Win32
		{BD42DE9F-33F3-4261-8006-23D849C9A96C}.Release|x64.ActiveCfg = Release|x64
		{BD42DE9F-33F3-4261-8006-23D849C9A96C}.Release|x64.Build.0 = Release|x64
		{BD42DE9F-33F3-4261-8006-23D849C9A96C}.Release|x86.ActiveCfg = Release|Win32
		{BD42DE9F-33F3-4261-8006-23D849C9A96C}.Release|x86.Build.0 = Release|Win32
	EndGlobalSection
	GlobalSection(SolutionProperties) = preSolution
		HideSolutionNode = FALSE
	EndGlobalSection
	GlobalSection(ExtensibilityGlobals) = postSolution
		SolutionGuid = {C44E40C1-5384-4A56-9C87-E979EDE326B8}
	EndGlobalSection
EndGlobal
