
Microsoft Visual Studio Solution File, Format Version 12.00
# Visual Studio Version 17
VisualStudioVersion = 17.5.33516.290
MinimumVisualStudioVersion = 10.0.40219.1
Project("{8BC9CEB8-8B4A-11D0-8D11-00A0C91BC942}") = "3-2-2", "3-2-2\3-2-2.vcxproj", "{1FDC7632-6D40-405C-9042-876873CAD586}"
EndProject
Project("{8BC9CEB8-8B4A-11D0-8D11-00A0C91BC942}") = "3-4-3", "3-4-3\3-4-3.vcxproj", "{C53CD77E-1403-43EF-A793-FC3B103524F7}"
EndProject
Project("{8BC9CEB8-8B4A-11D0-8D11-00A0C91BC942}") = "3-4-4", "3-4-4\3-4-4.vcxproj", "{232C204C-0EEB-4116-A976-36C2FF18BE2D}"
EndProject
Project("{8BC9CEB8-8B4A-11D0-8D11-00A0C91BC942}") = "3-4-10", "3-4-10\3-4-10.vcxproj", "{079C8EDC-1E84-4E2F-A57A-A75E35344A75}"
EndProject
Project("{8BC9CEB8-8B4A-11D0-8D11-00A0C91BC942}") = "3-4-12", "3-4-12\3-4-12.vcxproj", "{F4E6AD05-B9F2-403D-8409-2E861E654C58}"
EndProject
Project("{8BC9CEB8-8B4A-11D0-8D11-00A0C91BC942}") = "3-5-1", "3-5-1\3-5-1.vcxproj", "{4E0DE535-C4D2-454E-8481-F3B39DD5338D}"
EndProject
Global
	GlobalSection(SolutionConfigurationPlatforms) = preSolution
		Debug|x64 = Debug|x64
		Debug|x86 = Debug|x86
		Release|x64 = Release|x64
		Release|x86 = Release|x86
	EndGlobalSection
	GlobalSection(ProjectConfigurationPlatforms) = postSolution
		{1FDC7632-6D40-405C-9042-876873CAD586}.Debug|x64.ActiveCfg = Debug|x64
		{1FDC7632-6D40-405C-9042-876873CAD586}.Debug|x64.Build.0 = Debug|x64
		{1FDC7632-6D40-405C-9042-876873CAD586}.Debug|x86.ActiveCfg = Debug|Win32
		{1FDC7632-6D40-405C-9042-876873CAD586}.Debug|x86.Build.0 = Debug|Win32
		{1FDC7632-6D40-405C-9042-876873CAD586}.Release|x64.ActiveCfg = Release|x64
		{1FDC7632-6D40-405C-9042-876873CAD586}.Release|x64.Build.0 = Release|x64
		{1FDC7632-6D40-405C-9042-876873CAD586}.Release|x86.ActiveCfg = Release|Win32
		{1FDC7632-6D40-405C-9042-876873CAD586}.Release|x86.Build.0 = Release|Win32
		{C53CD77E-1403-43EF-A793-FC3B103524F7}.Debug|x64.ActiveCfg = Debug|x64
		{C53CD77E-1403-43EF-A793-FC3B103524F7}.Debug|x64.Build.0 = Debug|x64
		{C53CD77E-1403-43EF-A793-FC3B103524F7}.Debug|x86.ActiveCfg = Debug|Win32
		{C53CD77E-1403-43EF-A793-FC3B103524F7}.Debug|x86.Build.0 = Debug|Win32
		{C53CD77E-1403-43EF-A793-FC3B103524F7}.Release|x64.ActiveCfg = Release|x64
		{C53CD77E-1403-43EF-A793-FC3B103524F7}.Release|x64.Build.0 = Release|x64
		{C53CD77E-1403-43EF-A793-FC3B103524F7}.Release|x86.ActiveCfg = Release|Win32
		{C53CD77E-1403-43EF-A793-FC3B103524F7}.Release|x86.Build.0 = Release|Win32
		{232C204C-0EEB-4116-A976-36C2FF18BE2D}.Debug|x64.ActiveCfg = Debug|x64
		{232C204C-0EEB-4116-A976-36C2FF18BE2D}.Debug|x64.Build.0 = Debug|x64
		{232C204C-0EEB-4116-A976-36C2FF18BE2D}.Debug|x86.ActiveCfg = Debug|Win32
		{232C204C-0EEB-4116-A976-36C2FF18BE2D}.Debug|x86.Build.0 = Debug|Win32
		{232C204C-0EEB-4116-A976-36C2FF18BE2D}.Release|x64.ActiveCfg = Release|x64
		{232C204C-0EEB-4116-A976-36C2FF18BE2D}.Release|x64.Build.0 = Release|x64
		{232C204C-0EEB-4116-A976-36C2FF18BE2D}.Release|x86.ActiveCfg = Release|Win32
		{232C204C-0EEB-4116-A976-36C2FF18BE2D}.Release|x86.Build.0 = Release|Win32
		{079C8EDC-1E84-4E2F-A57A-A75E35344A75}.Debug|x64.ActiveCfg = Debug|x64
		{079C8EDC-1E84-4E2F-A57A-A75E35344A75}.Debug|x64.Build.0 = Debug|x64
		{079C8EDC-1E84-4E2F-A57A-A75E35344A75}.Debug|x86.ActiveCfg = Debug|Win32
		{079C8EDC-1E84-4E2F-A57A-A75E35344A75}.Debug|x86.Build.0 = Debug|Win32
		{079C8EDC-1E84-4E2F-A57A-A75E35344A75}.Release|x64.ActiveCfg = Release|x64
		{079C8EDC-1E84-4E2F-A57A-A75E35344A75}.Release|x64.Build.0 = Release|x64
		{079C8EDC-1E84-4E2F-A57A-A75E35344A75}.Release|x86.ActiveCfg = Release|Win32
		{079C8EDC-1E84-4E2F-A57A-A75E35344A75}.Release|x86.Build.0 = Release|Win32
		{F4E6AD05-B9F2-403D-8409-2E861E654C58}.Debug|x64.ActiveCfg = Debug|x64
		{F4E6AD05-B9F2-403D-8409-2E861E654C58}.Debug|x64.Build.0 = Debug|x64
		{F4E6AD05-B9F2-403D-8409-2E861E654C58}.Debug|x86.ActiveCfg = Debug|Win32
		{F4E6AD05-B9F2-403D-8409-2E861E654C58}.Debug|x86.Build.0 = Debug|Win32
		{F4E6AD05-B9F2-403D-8409-2E861E654C58}.Release|x64.ActiveCfg = Release|x64
		{F4E6AD05-B9F2-403D-8409-2E861E654C58}.Release|x64.Build.0 = Release|x64
		{F4E6AD05-B9F2-403D-8409-2E861E654C58}.Release|x86.ActiveCfg = Release|Win32
		{F4E6AD05-B9F2-403D-8409-2E861E654C58}.Release|x86.Build.0 = Release|Win32
		{4E0DE535-C4D2-454E-8481-F3B39DD5338D}.Debug|x64.ActiveCfg = Debug|x64
		{4E0DE535-C4D2-454E-8481-F3B39DD5338D}.Debug|x64.Build.0 = Debug|x64
		{4E0DE535-C4D2-454E-8481-F3B39DD5338D}.Debug|x86.ActiveCfg = Debug|Win32
		{4E0DE535-C4D2-454E-8481-F3B39DD5338D}.Debug|x86.Build.0 = Debug|Win32
		{4E0DE535-C4D2-454E-8481-F3B39DD5338D}.Release|x64.ActiveCfg = Release|x64
		{4E0DE535-C4D2-454E-8481-F3B39DD5338D}.Release|x64.Build.0 = Release|x64
		{4E0DE535-C4D2-454E-8481-F3B39DD5338D}.Release|x86.ActiveCfg = Release|Win32
		{4E0DE535-C4D2-454E-8481-F3B39DD5338D}.Release|x86.Build.0 = Release|Win32
	EndGlobalSection
	GlobalSection(SolutionProperties) = preSolution
		HideSolutionNode = FALSE
	EndGlobalSection
	GlobalSection(ExtensibilityGlobals) = postSolution
		SolutionGuid = {5404EED8-C62A-4F45-AF22-5C5FCD5FB556}
	EndGlobalSection
EndGlobal
