
Microsoft Visual Studio Solution File, Format Version 12.00
# Visual Studio Version 17
VisualStudioVersion = 17.5.33516.290
MinimumVisualStudioVersion = 10.0.40219.1
Project("{8BC9CEB8-8B4A-11D0-8D11-00A0C91BC942}") = "9-2-1", "9-2-1\9-2-1.vcxproj", "{524C2F89-5A0C-432A-91ED-1E0A7FBEE810}"
EndProject
Global
	GlobalSection(SolutionConfigurationPlatforms) = preSolution
		Debug|x64 = Debug|x64
		Debug|x86 = Debug|x86
		Release|x64 = Release|x64
		Release|x86 = Release|x86
	EndGlobalSection
	GlobalSection(ProjectConfigurationPlatforms) = postSolution
		{524C2F89-5A0C-432A-91ED-1E0A7FBEE810}.Debug|x64.ActiveCfg = Debug|x64
		{524C2F89-5A0C-432A-91ED-1E0A7FBEE810}.Debug|x64.Build.0 = Debug|x64
		{524C2F89-5A0C-432A-91ED-1E0A7FBEE810}.Debug|x86.ActiveCfg = Debug|Win32
		{524C2F89-5A0C-432A-91ED-1E0A7FBEE810}.Debug|x86.Build.0 = Debug|Win32
		{524C2F89-5A0C-432A-91ED-1E0A7FBEE810}.Release|x64.ActiveCfg = Release|x64
		{524C2F89-5A0C-432A-91ED-1E0A7FBEE810}.Release|x64.Build.0 = Release|x64
		{524C2F89-5A0C-432A-91ED-1E0A7FBEE810}.Release|x86.ActiveCfg = Release|Win32
		{524C2F89-5A0C-432A-91ED-1E0A7FBEE810}.Release|x86.Build.0 = Release|Win32
	EndGlobalSection
	GlobalSection(SolutionProperties) = preSolution
		HideSolutionNode = FALSE
	EndGlobalSection
	GlobalSection(ExtensibilityGlobals) = postSolution
		SolutionGuid = {C17F24BD-F2E2-42B5-AA2C-24FC7E2CF5ED}
	EndGlobalSection
EndGlobal
